// !$*UTF8*$!
{
	archiveVersion = 1;
	classes = {
	};
	objectVersion = 50;
	objects = {

/* Begin PBXBuildFile section */
		50043ED52080C76C0025DC2D /* FileSystemUtils.swift in Sources */ = {isa = PBXBuildFile; fileRef = 50043ED42080C76C0025DC2D /* FileSystemUtils.swift */; };
		5017716621FB2CD500D8A95A /* libid3-3.8.3.0.0.dylib in Frameworks */ = {isa = PBXBuildFile; fileRef = 5017716521FB2CD500D8A95A /* libid3-3.8.3.0.0.dylib */; };
		5017716721FB2CE500D8A95A /* libid3-3.8.3.0.0.dylib in Embed Libraries */ = {isa = PBXBuildFile; fileRef = 5017716521FB2CD500D8A95A /* libid3-3.8.3.0.0.dylib */; settings = {ATTRIBUTES = (CodeSignOnCopy, ); }; };
		5017716921FF58C700D8A95A /* TimePanelView.swift in Sources */ = {isa = PBXBuildFile; fileRef = 5017716821FF58C700D8A95A /* TimePanelView.swift */; };
		504E5FA42080F4E0003DBA66 /* Song.swift in Sources */ = {isa = PBXBuildFile; fileRef = 504E5FA32080F4E0003DBA66 /* Song.swift */; };
		50A09BAC22104B0A00365544 /* TableView.swift in Sources */ = {isa = PBXBuildFile; fileRef = 50A09BAB22104B0A00365544 /* TableView.swift */; };
		50A09BAE22104BA800365544 /* TableViewDelegate.swift in Sources */ = {isa = PBXBuildFile; fileRef = 50A09BAD22104BA800365544 /* TableViewDelegate.swift */; };
		50A37BAB207FF03D0020E218 /* AppDelegate.swift in Sources */ = {isa = PBXBuildFile; fileRef = 50A37BAA207FF03D0020E218 /* AppDelegate.swift */; };
		50A37BAD207FF03D0020E218 /* MainView.swift in Sources */ = {isa = PBXBuildFile; fileRef = 50A37BAC207FF03D0020E218 /* MainView.swift */; };
		50A37BB2207FF03E0020E218 /* Main.storyboard in Resources */ = {isa = PBXBuildFile; fileRef = 50A37BB0207FF03E0020E218 /* Main.storyboard */; };
		50DC6D862081D22F00B7C347 /* Model.swift in Sources */ = {isa = PBXBuildFile; fileRef = 50DC6D852081D22F00B7C347 /* Model.swift */; };
		50DC6D882081D68100B7C347 /* PlayerView.swift in Sources */ = {isa = PBXBuildFile; fileRef = 50DC6D872081D68100B7C347 /* PlayerView.swift */; };
		B70E24BE21F5E5E700387D0A /* View.swift in Sources */ = {isa = PBXBuildFile; fileRef = B70E24BD21F5E5E700387D0A /* View.swift */; };
		B70F180F221D781800FE1149 /* Assets.xcassets in Resources */ = {isa = PBXBuildFile; fileRef = B70F180E221D781800FE1149 /* Assets.xcassets */; };
		B70F1817221D957700FE1149 /* AppIconGreen.icns in Resources */ = {isa = PBXBuildFile; fileRef = B70F1811221D957600FE1149 /* AppIconGreen.icns */; };
		B70F1818221D957700FE1149 /* AppIconTeal.icns in Resources */ = {isa = PBXBuildFile; fileRef = B70F1812221D957600FE1149 /* AppIconTeal.icns */; };
		B70F1819221D957700FE1149 /* AppIconWhite.icns in Resources */ = {isa = PBXBuildFile; fileRef = B70F1813221D957600FE1149 /* AppIconWhite.icns */; };
		B70F181A221D957700FE1149 /* AppIconYellow.icns in Resources */ = {isa = PBXBuildFile; fileRef = B70F1814221D957600FE1149 /* AppIconYellow.icns */; };
		B70F181B221D957700FE1149 /* AppIconNeonGreen.icns in Resources */ = {isa = PBXBuildFile; fileRef = B70F1815221D957600FE1149 /* AppIconNeonGreen.icns */; };
		B70F181C221D957700FE1149 /* AppIconRed.icns in Resources */ = {isa = PBXBuildFile; fileRef = B70F1816221D957700FE1149 /* AppIconRed.icns */; };
		B722991F2200223B00AEFA90 /* ViewController.swift in Sources */ = {isa = PBXBuildFile; fileRef = B722991E2200223B00AEFA90 /* ViewController.swift */; };
		B72299212202C9FD00AEFA90 /* SongTableView.swift in Sources */ = {isa = PBXBuildFile; fileRef = B72299202202C9FD00AEFA90 /* SongTableView.swift */; };
		B72299232202D0EA00AEFA90 /* PositionTableView.swift in Sources */ = {isa = PBXBuildFile; fileRef = B72299222202D0EA00AEFA90 /* PositionTableView.swift */; };
		B7364FD7221537AA00FB9C64 /* Player.swift in Sources */ = {isa = PBXBuildFile; fileRef = B7364FD6221537AA00FB9C64 /* Player.swift */; };
		B74E7FE623794E8C00569664 /* ObjC.m in Sources */ = {isa = PBXBuildFile; fileRef = B74E7FE523794E8C00569664 /* ObjC.m */; };
		B74E7FEB23795C6C00569664 /* B612-Regular.ttf in CopyFiles */ = {isa = PBXBuildFile; fileRef = B74E7FE823795A0500569664 /* B612-Regular.ttf */; };
		B75955862216D1A300D11E3F /* TimePanelWindow.swift in Sources */ = {isa = PBXBuildFile; fileRef = B75955852216D1A300D11E3F /* TimePanelWindow.swift */; };
		B75955882216DD5800D11E3F /* MainWindow.swift in Sources */ = {isa = PBXBuildFile; fileRef = B75955872216DD5800D11E3F /* MainWindow.swift */; };
		B78780F42216A131002B74B4 /* BassWrapper.m in Sources */ = {isa = PBXBuildFile; fileRef = B78780F32216A131002B74B4 /* BassWrapper.m */; };
		B79853322217073500BDE678 /* libbass_fx.dylib in Frameworks */ = {isa = PBXBuildFile; fileRef = B79853302217073500BDE678 /* libbass_fx.dylib */; };
		B79853332217073500BDE678 /* libbass.dylib in Frameworks */ = {isa = PBXBuildFile; fileRef = B79853312217073500BDE678 /* libbass.dylib */; };
		B79853362217075500BDE678 /* libbass_fx.dylib in Embed Libraries */ = {isa = PBXBuildFile; fileRef = B79853302217073500BDE678 /* libbass_fx.dylib */; settings = {ATTRIBUTES = (CodeSignOnCopy, ); }; };
		B79853372217075500BDE678 /* libbass.dylib in Embed Libraries */ = {isa = PBXBuildFile; fileRef = B79853312217073500BDE678 /* libbass.dylib */; settings = {ATTRIBUTES = (CodeSignOnCopy, ); }; };
		B7985339221A812600BDE678 /* PreferencesView.swift in Sources */ = {isa = PBXBuildFile; fileRef = B7985338221A812600BDE678 /* PreferencesView.swift */; };
		B7A3A9C0221AFCBD00CA5FE8 /* CountdownView.swift in Sources */ = {isa = PBXBuildFile; fileRef = B7A3A9BF221AFCBD00CA5FE8 /* CountdownView.swift */; };
		B7A3A9C2221BE44400CA5FE8 /* CountdownWindow.swift in Sources */ = {isa = PBXBuildFile; fileRef = B7A3A9C1221BE44400CA5FE8 /* CountdownWindow.swift */; };
		B7A3A9C4221C494600CA5FE8 /* PositionXmlParser.swift in Sources */ = {isa = PBXBuildFile; fileRef = B7A3A9C3221C494600CA5FE8 /* PositionXmlParser.swift */; };
		B7B46605237042EB00AA9419 /* PDFView.swift in Sources */ = {isa = PBXBuildFile; fileRef = B7B46604237042EB00AA9419 /* PDFView.swift */; };
		B7B46608237046D800AA9419 /* PDFKit.framework in Frameworks */ = {isa = PBXBuildFile; fileRef = B7B46607237046D800AA9419 /* PDFKit.framework */; };
		B7B4660C23754EE600AA9419 /* StringScore.swift in Sources */ = {isa = PBXBuildFile; fileRef = B7B4660B23754EE600AA9419 /* StringScore.swift */; };
		B7BD8F1821F760FB00532C1A /* Id3Wrapper.mm in Sources */ = {isa = PBXBuildFile; fileRef = B7BD8F1721F760FB00532C1A /* Id3Wrapper.mm */; };
		B7BD8F1B21F9A87E00532C1A /* Position.swift in Sources */ = {isa = PBXBuildFile; fileRef = B7BD8F1A21F9A87E00532C1A /* Position.swift */; };
		B7C8358422250E5700CF3360 /* AppIconBlue.icns in Resources */ = {isa = PBXBuildFile; fileRef = B7C8358322250E5700CF3360 /* AppIconBlue.icns */; };
		B7D220EA2211C2AC00207F1D /* Player-AVAudioPlayer.swift in Sources */ = {isa = PBXBuildFile; fileRef = B7D220E92211C2AC00207F1D /* Player-AVAudioPlayer.swift */; };
		B7D9C0642214513B00A70F4A /* SongHistoryItem.m in Sources */ = {isa = PBXBuildFile; fileRef = B7D9C0632214513B00A70F4A /* SongHistoryItem.m */; };
		B7D9C06822145A3200A70F4A /* HistoryTableView.swift in Sources */ = {isa = PBXBuildFile; fileRef = B7D9C06722145A3200A70F4A /* HistoryTableView.swift */; };
		B7DDFCB122141B3600637831 /* Tools.swift in Sources */ = {isa = PBXBuildFile; fileRef = B7DDFCB022141B3600637831 /* Tools.swift */; };
		B7DDFCB322141F5F00637831 /* Database.m in Sources */ = {isa = PBXBuildFile; fileRef = B7DDFCB222141F5F00637831 /* Database.m */; };
/* End PBXBuildFile section */

/* Begin PBXCopyFilesBuildPhase section */
		B74E7FEA23795C5B00569664 /* CopyFiles */ = {
			isa = PBXCopyFilesBuildPhase;
			buildActionMask = 2147483647;
			dstPath = Fonts;
			dstSubfolderSpec = 7;
			files = (
				B74E7FEB23795C6C00569664 /* B612-Regular.ttf in CopyFiles */,
			);
			runOnlyForDeploymentPostprocessing = 0;
		};
		B7BD8EEC21F754D600532C1A /* Embed Libraries */ = {
			isa = PBXCopyFilesBuildPhase;
			buildActionMask = 2147483647;
			dstPath = "";
			dstSubfolderSpec = 10;
			files = (
				B79853362217075500BDE678 /* libbass_fx.dylib in Embed Libraries */,
				B79853372217075500BDE678 /* libbass.dylib in Embed Libraries */,
				5017716721FB2CE500D8A95A /* libid3-3.8.3.0.0.dylib in Embed Libraries */,
			);
			name = "Embed Libraries";
			runOnlyForDeploymentPostprocessing = 0;
		};
/* End PBXCopyFilesBuildPhase section */

/* Begin PBXFileReference section */
		50043ED42080C76C0025DC2D /* FileSystemUtils.swift */ = {isa = PBXFileReference; lastKnownFileType = sourcecode.swift; path = FileSystemUtils.swift; sourceTree = "<group>"; };
		5017716521FB2CD500D8A95A /* libid3-3.8.3.0.0.dylib */ = {isa = PBXFileReference; lastKnownFileType = "compiled.mach-o.dylib"; path = "libid3-3.8.3.0.0.dylib"; sourceTree = "<group>"; };
		5017716821FF58C700D8A95A /* TimePanelView.swift */ = {isa = PBXFileReference; lastKnownFileType = sourcecode.swift; path = TimePanelView.swift; sourceTree = "<group>"; };
		504E5FA32080F4E0003DBA66 /* Song.swift */ = {isa = PBXFileReference; lastKnownFileType = sourcecode.swift; path = Song.swift; sourceTree = "<group>"; };
		50A09BAB22104B0A00365544 /* TableView.swift */ = {isa = PBXFileReference; lastKnownFileType = sourcecode.swift; path = TableView.swift; sourceTree = "<group>"; };
		50A09BAD22104BA800365544 /* TableViewDelegate.swift */ = {isa = PBXFileReference; lastKnownFileType = sourcecode.swift; path = TableViewDelegate.swift; sourceTree = "<group>"; };
		50A37BA7207FF03D0020E218 /* ClogAmpMac.app */ = {isa = PBXFileReference; explicitFileType = wrapper.application; includeInIndex = 0; path = ClogAmpMac.app; sourceTree = BUILT_PRODUCTS_DIR; };
		50A37BAA207FF03D0020E218 /* AppDelegate.swift */ = {isa = PBXFileReference; lastKnownFileType = sourcecode.swift; path = AppDelegate.swift; sourceTree = "<group>"; };
		50A37BAC207FF03D0020E218 /* MainView.swift */ = {isa = PBXFileReference; lastKnownFileType = sourcecode.swift; path = MainView.swift; sourceTree = "<group>"; };
		50A37BB1207FF03E0020E218 /* Base */ = {isa = PBXFileReference; lastKnownFileType = file.storyboard; name = Base; path = Base.lproj/Main.storyboard; sourceTree = "<group>"; };
		50A37BB3207FF03E0020E218 /* Info.plist */ = {isa = PBXFileReference; lastKnownFileType = text.plist.xml; path = Info.plist; sourceTree = "<group>"; };
		50A37BB4207FF03E0020E218 /* ClogAmpSwift.entitlements */ = {isa = PBXFileReference; lastKnownFileType = text.plist.entitlements; path = ClogAmpSwift.entitlements; sourceTree = "<group>"; };
		50DC6D852081D22F00B7C347 /* Model.swift */ = {isa = PBXFileReference; lastKnownFileType = sourcecode.swift; path = Model.swift; sourceTree = "<group>"; };
		50DC6D872081D68100B7C347 /* PlayerView.swift */ = {isa = PBXFileReference; lastKnownFileType = sourcecode.swift; path = PlayerView.swift; sourceTree = "<group>"; };
		B70E24BD21F5E5E700387D0A /* View.swift */ = {isa = PBXFileReference; lastKnownFileType = sourcecode.swift; path = View.swift; sourceTree = "<group>"; };
		B70F180E221D781800FE1149 /* Assets.xcassets */ = {isa = PBXFileReference; lastKnownFileType = folder.assetcatalog; path = Assets.xcassets; sourceTree = "<group>"; };
		B70F1811221D957600FE1149 /* AppIconGreen.icns */ = {isa = PBXFileReference; lastKnownFileType = image.icns; path = AppIconGreen.icns; sourceTree = "<group>"; };
		B70F1812221D957600FE1149 /* AppIconTeal.icns */ = {isa = PBXFileReference; lastKnownFileType = image.icns; path = AppIconTeal.icns; sourceTree = "<group>"; };
		B70F1813221D957600FE1149 /* AppIconWhite.icns */ = {isa = PBXFileReference; lastKnownFileType = image.icns; path = AppIconWhite.icns; sourceTree = "<group>"; };
		B70F1814221D957600FE1149 /* AppIconYellow.icns */ = {isa = PBXFileReference; lastKnownFileType = image.icns; path = AppIconYellow.icns; sourceTree = "<group>"; };
		B70F1815221D957600FE1149 /* AppIconNeonGreen.icns */ = {isa = PBXFileReference; lastKnownFileType = image.icns; path = AppIconNeonGreen.icns; sourceTree = "<group>"; };
		B70F1816221D957700FE1149 /* AppIconRed.icns */ = {isa = PBXFileReference; lastKnownFileType = image.icns; path = AppIconRed.icns; sourceTree = "<group>"; };
		B722991E2200223B00AEFA90 /* ViewController.swift */ = {isa = PBXFileReference; lastKnownFileType = sourcecode.swift; path = ViewController.swift; sourceTree = "<group>"; };
		B72299202202C9FD00AEFA90 /* SongTableView.swift */ = {isa = PBXFileReference; lastKnownFileType = sourcecode.swift; path = SongTableView.swift; sourceTree = "<group>"; };
		B72299222202D0EA00AEFA90 /* PositionTableView.swift */ = {isa = PBXFileReference; lastKnownFileType = sourcecode.swift; path = PositionTableView.swift; sourceTree = "<group>"; };
		B7364FD6221537AA00FB9C64 /* Player.swift */ = {isa = PBXFileReference; lastKnownFileType = sourcecode.swift; path = Player.swift; sourceTree = "<group>"; };
		B74E7FE423794E5500569664 /* ObjC.h */ = {isa = PBXFileReference; lastKnownFileType = sourcecode.c.h; path = ObjC.h; sourceTree = "<group>"; };
		B74E7FE523794E8C00569664 /* ObjC.m */ = {isa = PBXFileReference; lastKnownFileType = sourcecode.c.objc; path = ObjC.m; sourceTree = "<group>"; };
		B74E7FE823795A0500569664 /* B612-Regular.ttf */ = {isa = PBXFileReference; lastKnownFileType = file; path = "B612-Regular.ttf"; sourceTree = "<group>"; };
		B75955852216D1A300D11E3F /* TimePanelWindow.swift */ = {isa = PBXFileReference; lastKnownFileType = sourcecode.swift; path = TimePanelWindow.swift; sourceTree = "<group>"; };
		B75955872216DD5800D11E3F /* MainWindow.swift */ = {isa = PBXFileReference; lastKnownFileType = sourcecode.swift; path = MainWindow.swift; sourceTree = "<group>"; };
		B78780F32216A131002B74B4 /* BassWrapper.m */ = {isa = PBXFileReference; lastKnownFileType = sourcecode.c.objc; path = BassWrapper.m; sourceTree = "<group>"; };
		B78780F52216A13C002B74B4 /* BassWrapper.h */ = {isa = PBXFileReference; lastKnownFileType = sourcecode.c.h; path = BassWrapper.h; sourceTree = "<group>"; };
		B79853302217073500BDE678 /* libbass_fx.dylib */ = {isa = PBXFileReference; lastKnownFileType = "compiled.mach-o.dylib"; path = libbass_fx.dylib; sourceTree = "<group>"; };
		B79853312217073500BDE678 /* libbass.dylib */ = {isa = PBXFileReference; lastKnownFileType = "compiled.mach-o.dylib"; path = libbass.dylib; sourceTree = "<group>"; };
		B79853342217074400BDE678 /* bass.h */ = {isa = PBXFileReference; lastKnownFileType = sourcecode.c.h; path = bass.h; sourceTree = "<group>"; };
		B79853352217074500BDE678 /* bass_fx.h */ = {isa = PBXFileReference; lastKnownFileType = sourcecode.c.h; path = bass_fx.h; sourceTree = "<group>"; };
		B7985338221A812600BDE678 /* PreferencesView.swift */ = {isa = PBXFileReference; lastKnownFileType = sourcecode.swift; path = PreferencesView.swift; sourceTree = "<group>"; };
		B7A3A9BF221AFCBD00CA5FE8 /* CountdownView.swift */ = {isa = PBXFileReference; lastKnownFileType = sourcecode.swift; path = CountdownView.swift; sourceTree = "<group>"; };
		B7A3A9C1221BE44400CA5FE8 /* CountdownWindow.swift */ = {isa = PBXFileReference; lastKnownFileType = sourcecode.swift; path = CountdownWindow.swift; sourceTree = "<group>"; };
		B7A3A9C3221C494600CA5FE8 /* PositionXmlParser.swift */ = {isa = PBXFileReference; lastKnownFileType = sourcecode.swift; path = PositionXmlParser.swift; sourceTree = "<group>"; };
		B7B46604237042EB00AA9419 /* PDFView.swift */ = {isa = PBXFileReference; lastKnownFileType = sourcecode.swift; path = PDFView.swift; sourceTree = "<group>"; };
		B7B46607237046D800AA9419 /* PDFKit.framework */ = {isa = PBXFileReference; lastKnownFileType = wrapper.framework; name = PDFKit.framework; path = System/Library/Frameworks/PDFKit.framework; sourceTree = SDKROOT; };
		B7B4660B23754EE600AA9419 /* StringScore.swift */ = {isa = PBXFileReference; lastKnownFileType = sourcecode.swift; path = StringScore.swift; sourceTree = "<group>"; };
		B7BD8ED421F74B6900532C1A /* ClogAmpSwift-Bridging-Header.h */ = {isa = PBXFileReference; lastKnownFileType = sourcecode.c.h; path = "ClogAmpSwift-Bridging-Header.h"; sourceTree = "<group>"; };
		B7BD8F0621F7597800532C1A /* id3lib_frame.h */ = {isa = PBXFileReference; lastKnownFileType = sourcecode.c.h; path = id3lib_frame.h; sourceTree = "<group>"; };
		B7BD8F0721F7597800532C1A /* utils.h */ = {isa = PBXFileReference; lastKnownFileType = sourcecode.c.h; path = utils.h; sourceTree = "<group>"; };
		B7BD8F0821F7597800532C1A /* reader.h */ = {isa = PBXFileReference; lastKnownFileType = sourcecode.c.h; path = reader.h; sourceTree = "<group>"; };
		B7BD8F0921F7597800532C1A /* sized_types.h */ = {isa = PBXFileReference; lastKnownFileType = sourcecode.c.h; path = sized_types.h; sourceTree = "<group>"; };
		B7BD8F0A21F7597800532C1A /* tag.h */ = {isa = PBXFileReference; lastKnownFileType = sourcecode.c.h; path = tag.h; sourceTree = "<group>"; };
		B7BD8F0B21F7597800532C1A /* field.h */ = {isa = PBXFileReference; lastKnownFileType = sourcecode.c.h; path = field.h; sourceTree = "<group>"; };
		B7BD8F0C21F7597800532C1A /* id3lib_strings.h */ = {isa = PBXFileReference; lastKnownFileType = sourcecode.c.h; path = id3lib_strings.h; sourceTree = "<group>"; };
		B7BD8F0D21F7597800532C1A /* globals.h */ = {isa = PBXFileReference; lastKnownFileType = sourcecode.c.h; path = globals.h; sourceTree = "<group>"; };
		B7BD8F0E21F7597800532C1A /* writer.h */ = {isa = PBXFileReference; lastKnownFileType = sourcecode.c.h; path = writer.h; sourceTree = "<group>"; };
		B7BD8F0F21F7597800532C1A /* readers.h */ = {isa = PBXFileReference; lastKnownFileType = sourcecode.c.h; path = readers.h; sourceTree = "<group>"; };
		B7BD8F1021F7597800532C1A /* misc_support.h */ = {isa = PBXFileReference; lastKnownFileType = sourcecode.c.h; path = misc_support.h; sourceTree = "<group>"; };
		B7BD8F1121F7597800532C1A /* id3lib_streams.h */ = {isa = PBXFileReference; lastKnownFileType = sourcecode.c.h; path = id3lib_streams.h; sourceTree = "<group>"; };
		B7BD8F1221F7597800532C1A /* writers.h */ = {isa = PBXFileReference; lastKnownFileType = sourcecode.c.h; path = writers.h; sourceTree = "<group>"; };
		B7BD8F1321F7597900532C1A /* id3.h */ = {isa = PBXFileReference; lastKnownFileType = sourcecode.c.h; path = id3.h; sourceTree = "<group>"; };
		B7BD8F1721F760FB00532C1A /* Id3Wrapper.mm */ = {isa = PBXFileReference; lastKnownFileType = sourcecode.cpp.objcpp; path = Id3Wrapper.mm; sourceTree = "<group>"; };
		B7BD8F1921F7611000532C1A /* Id3Wrapper.h */ = {isa = PBXFileReference; lastKnownFileType = sourcecode.c.h; path = Id3Wrapper.h; sourceTree = "<group>"; };
		B7BD8F1A21F9A87E00532C1A /* Position.swift */ = {isa = PBXFileReference; lastKnownFileType = sourcecode.swift; path = Position.swift; sourceTree = "<group>"; };
		B7C8358322250E5700CF3360 /* AppIconBlue.icns */ = {isa = PBXFileReference; lastKnownFileType = image.icns; path = AppIconBlue.icns; sourceTree = "<group>"; };
		B7C8358522280FC200CF3360 /* de */ = {isa = PBXFileReference; lastKnownFileType = text.plist.strings; name = de; path = de.lproj/Main.strings; sourceTree = "<group>"; };
		B7C8358922281CB200CF3360 /* en */ = {isa = PBXFileReference; lastKnownFileType = text.plist.strings; name = en; path = en.lproj/Main.strings; sourceTree = "<group>"; };
		B7D220E92211C2AC00207F1D /* Player-AVAudioPlayer.swift */ = {isa = PBXFileReference; lastKnownFileType = sourcecode.swift; path = "Player-AVAudioPlayer.swift"; sourceTree = "<group>"; };
		B7D9C0622214513B00A70F4A /* SongHistoryItem.h */ = {isa = PBXFileReference; fileEncoding = 4; lastKnownFileType = sourcecode.c.h; path = SongHistoryItem.h; sourceTree = "<group>"; };
		B7D9C0632214513B00A70F4A /* SongHistoryItem.m */ = {isa = PBXFileReference; fileEncoding = 4; lastKnownFileType = sourcecode.c.objc; path = SongHistoryItem.m; sourceTree = "<group>"; };
		B7D9C06722145A3200A70F4A /* HistoryTableView.swift */ = {isa = PBXFileReference; lastKnownFileType = sourcecode.swift; path = HistoryTableView.swift; sourceTree = "<group>"; };
		B7DDFCB022141B3600637831 /* Tools.swift */ = {isa = PBXFileReference; lastKnownFileType = sourcecode.swift; path = Tools.swift; sourceTree = "<group>"; };
		B7DDFCB222141F5F00637831 /* Database.m */ = {isa = PBXFileReference; lastKnownFileType = sourcecode.c.objc; path = Database.m; sourceTree = "<group>"; };
		B7DDFCB422141F6B00637831 /* Database.h */ = {isa = PBXFileReference; lastKnownFileType = sourcecode.c.h; path = Database.h; sourceTree = "<group>"; };
/* End PBXFileReference section */

/* Begin PBXFrameworksBuildPhase section */
		50A37BA4207FF03D0020E218 /* Frameworks */ = {
			isa = PBXFrameworksBuildPhase;
			buildActionMask = 2147483647;
			files = (
				B79853332217073500BDE678 /* libbass.dylib in Frameworks */,
				5017716621FB2CD500D8A95A /* libid3-3.8.3.0.0.dylib in Frameworks */,
				B7B46608237046D800AA9419 /* PDFKit.framework in Frameworks */,
				B79853322217073500BDE678 /* libbass_fx.dylib in Frameworks */,
			);
			runOnlyForDeploymentPostprocessing = 0;
		};
/* End PBXFrameworksBuildPhase section */

/* Begin PBXGroup section */
		50A37B9E207FF03D0020E218 = {
			isa = PBXGroup;
			children = (
				50A37BA9207FF03D0020E218 /* ClogAmpSwift */,
				50A37BA8207FF03D0020E218 /* Products */,
				B7B46606237046D800AA9419 /* Frameworks */,
			);
			sourceTree = "<group>";
		};
		50A37BA8207FF03D0020E218 /* Products */ = {
			isa = PBXGroup;
			children = (
				50A37BA7207FF03D0020E218 /* ClogAmpMac.app */,
			);
			name = Products;
			sourceTree = "<group>";
		};
		50A37BA9207FF03D0020E218 /* ClogAmpSwift */ = {
			isa = PBXGroup;
			children = (
				B74E7FE7237959D100569664 /* Fonts */,
				B7BD8ED321F73E4E00532C1A /* ObjCWrapper */,
				B70E24BC21F5E5CC00387D0A /* CustomClasses */,
				50DC6D8D2081F03E00B7C347 /* Delegates */,
				50DC6D8A2081DA4B00B7C347 /* Objects */,
				50DC6D892081DA3100B7C347 /* Controller */,
				50DC6D8B2081DA6400B7C347 /* Utils */,
				B70F1810221D955C00FE1149 /* Icons */,
				50A37BB0207FF03E0020E218 /* Main.storyboard */,
				B70F180E221D781800FE1149 /* Assets.xcassets */,
				5017716521FB2CD500D8A95A /* libid3-3.8.3.0.0.dylib */,
				B79853302217073500BDE678 /* libbass_fx.dylib */,
				B79853312217073500BDE678 /* libbass.dylib */,
				50A37BB3207FF03E0020E218 /* Info.plist */,
				50A37BB4207FF03E0020E218 /* ClogAmpSwift.entitlements */,
			);
			path = ClogAmpSwift;
			sourceTree = "<group>";
		};
		50DC6D892081DA3100B7C347 /* Controller */ = {
			isa = PBXGroup;
			children = (
				B7A3A9BF221AFCBD00CA5FE8 /* CountdownView.swift */,
				B7A3A9C1221BE44400CA5FE8 /* CountdownWindow.swift */,
				B7D9C06722145A3200A70F4A /* HistoryTableView.swift */,
				50A37BAC207FF03D0020E218 /* MainView.swift */,
				B75955872216DD5800D11E3F /* MainWindow.swift */,
				50DC6D872081D68100B7C347 /* PlayerView.swift */,
				B72299222202D0EA00AEFA90 /* PositionTableView.swift */,
				B7985338221A812600BDE678 /* PreferencesView.swift */,
				B72299202202C9FD00AEFA90 /* SongTableView.swift */,
				5017716821FF58C700D8A95A /* TimePanelView.swift */,
				B75955852216D1A300D11E3F /* TimePanelWindow.swift */,
				B722991E2200223B00AEFA90 /* ViewController.swift */,
				B7B46604237042EB00AA9419 /* PDFView.swift */,
			);
			path = Controller;
			sourceTree = "<group>";
		};
		50DC6D8A2081DA4B00B7C347 /* Objects */ = {
			isa = PBXGroup;
			children = (
				50DC6D852081D22F00B7C347 /* Model.swift */,
				B7D220E92211C2AC00207F1D /* Player-AVAudioPlayer.swift */,
				B7364FD6221537AA00FB9C64 /* Player.swift */,
				B7BD8F1A21F9A87E00532C1A /* Position.swift */,
				504E5FA32080F4E0003DBA66 /* Song.swift */,
				B7A3A9C3221C494600CA5FE8 /* PositionXmlParser.swift */,
			);
			path = Objects;
			sourceTree = "<group>";
		};
		50DC6D8B2081DA6400B7C347 /* Utils */ = {
			isa = PBXGroup;
			children = (
				50043ED42080C76C0025DC2D /* FileSystemUtils.swift */,
				B7DDFCB022141B3600637831 /* Tools.swift */,
				B7B4660B23754EE600AA9419 /* StringScore.swift */,
			);
			path = Utils;
			sourceTree = "<group>";
		};
		50DC6D8D2081F03E00B7C347 /* Delegates */ = {
			isa = PBXGroup;
			children = (
				50A37BAA207FF03D0020E218 /* AppDelegate.swift */,
				50A09BAD22104BA800365544 /* TableViewDelegate.swift */,
			);
			path = Delegates;
			sourceTree = "<group>";
		};
		B70E24BC21F5E5CC00387D0A /* CustomClasses */ = {
			isa = PBXGroup;
			children = (
				50A09BAB22104B0A00365544 /* TableView.swift */,
				B70E24BD21F5E5E700387D0A /* View.swift */,
			);
			path = CustomClasses;
			sourceTree = "<group>";
		};
		B70F1810221D955C00FE1149 /* Icons */ = {
			isa = PBXGroup;
			children = (
				B7C8358322250E5700CF3360 /* AppIconBlue.icns */,
				B70F1811221D957600FE1149 /* AppIconGreen.icns */,
				B70F1815221D957600FE1149 /* AppIconNeonGreen.icns */,
				B70F1816221D957700FE1149 /* AppIconRed.icns */,
				B70F1812221D957600FE1149 /* AppIconTeal.icns */,
				B70F1813221D957600FE1149 /* AppIconWhite.icns */,
				B70F1814221D957600FE1149 /* AppIconYellow.icns */,
			);
			path = Icons;
			sourceTree = "<group>";
		};
		B74E7FE7237959D100569664 /* Fonts */ = {
			isa = PBXGroup;
			children = (
				B74E7FE823795A0500569664 /* B612-Regular.ttf */,
			);
			path = Fonts;
			sourceTree = "<group>";
		};
		B7B46606237046D800AA9419 /* Frameworks */ = {
			isa = PBXGroup;
			children = (
				B7B46607237046D800AA9419 /* PDFKit.framework */,
			);
			name = Frameworks;
			sourceTree = "<group>";
		};
		B7BD8ED321F73E4E00532C1A /* ObjCWrapper */ = {
			isa = PBXGroup;
			children = (
				B7BD8F0521F7597800532C1A /* id3 */,
				B7BD8F1321F7597900532C1A /* id3.h */,
				B79853352217074500BDE678 /* bass_fx.h */,
				B79853342217074400BDE678 /* bass.h */,
				B78780F32216A131002B74B4 /* BassWrapper.m */,
				B78780F52216A13C002B74B4 /* BassWrapper.h */,
				B7BD8ED421F74B6900532C1A /* ClogAmpSwift-Bridging-Header.h */,
				B7DDFCB222141F5F00637831 /* Database.m */,
				B7DDFCB422141F6B00637831 /* Database.h */,
				B7BD8F1721F760FB00532C1A /* Id3Wrapper.mm */,
				B7BD8F1921F7611000532C1A /* Id3Wrapper.h */,
				B7D9C0622214513B00A70F4A /* SongHistoryItem.h */,
				B7D9C0632214513B00A70F4A /* SongHistoryItem.m */,
				B74E7FE423794E5500569664 /* ObjC.h */,
				B74E7FE523794E8C00569664 /* ObjC.m */,
			);
			path = ObjCWrapper;
			sourceTree = "<group>";
		};
		B7BD8F0521F7597800532C1A /* id3 */ = {
			isa = PBXGroup;
			children = (
				B7BD8F0621F7597800532C1A /* id3lib_frame.h */,
				B7BD8F0721F7597800532C1A /* utils.h */,
				B7BD8F0821F7597800532C1A /* reader.h */,
				B7BD8F0921F7597800532C1A /* sized_types.h */,
				B7BD8F0A21F7597800532C1A /* tag.h */,
				B7BD8F0B21F7597800532C1A /* field.h */,
				B7BD8F0C21F7597800532C1A /* id3lib_strings.h */,
				B7BD8F0D21F7597800532C1A /* globals.h */,
				B7BD8F0E21F7597800532C1A /* writer.h */,
				B7BD8F0F21F7597800532C1A /* readers.h */,
				B7BD8F1021F7597800532C1A /* misc_support.h */,
				B7BD8F1121F7597800532C1A /* id3lib_streams.h */,
				B7BD8F1221F7597800532C1A /* writers.h */,
			);
			path = id3;
			sourceTree = "<group>";
		};
/* End PBXGroup section */

/* Begin PBXNativeTarget section */
		50A37BA6207FF03D0020E218 /* ClogAmpSwift */ = {
			isa = PBXNativeTarget;
			buildConfigurationList = 50A37BB7207FF03E0020E218 /* Build configuration list for PBXNativeTarget "ClogAmpSwift" */;
			buildPhases = (
				50A37BA3207FF03D0020E218 /* Sources */,
				50A37BA4207FF03D0020E218 /* Frameworks */,
				50A37BA5207FF03D0020E218 /* Resources */,
				B7BD8EEC21F754D600532C1A /* Embed Libraries */,
				B74E7FEA23795C5B00569664 /* CopyFiles */,
			);
			buildRules = (
			);
			dependencies = (
			);
			name = ClogAmpSwift;
			productName = ClogAmpSwift;
			productReference = 50A37BA7207FF03D0020E218 /* ClogAmpMac.app */;
			productType = "com.apple.product-type.application";
		};
/* End PBXNativeTarget section */

/* Begin PBXProject section */
		50A37B9F207FF03D0020E218 /* Project object */ = {
			isa = PBXProject;
			attributes = {
				LastSwiftUpdateCheck = 0930;
				LastUpgradeCheck = 0930;
				ORGANIZATIONNAME = "Pascal Roessel";
				TargetAttributes = {
					50A37BA6207FF03D0020E218 = {
						CreatedOnToolsVersion = 9.3;
						LastSwiftMigration = 1110;
						SystemCapabilities = {
							com.apple.Sandbox = {
								enabled = 0;
							};
						};
					};
				};
			};
			buildConfigurationList = 50A37BA2207FF03D0020E218 /* Build configuration list for PBXProject "ClogAmpSwift" */;
			compatibilityVersion = "Xcode 9.3";
			developmentRegion = en;
			hasScannedForEncodings = 0;
			knownRegions = (
				en,
				Base,
				de,
			);
			mainGroup = 50A37B9E207FF03D0020E218;
			productRefGroup = 50A37BA8207FF03D0020E218 /* Products */;
			projectDirPath = "";
			projectRoot = "";
			targets = (
				50A37BA6207FF03D0020E218 /* ClogAmpSwift */,
			);
		};
/* End PBXProject section */

/* Begin PBXResourcesBuildPhase section */
		50A37BA5207FF03D0020E218 /* Resources */ = {
			isa = PBXResourcesBuildPhase;
			buildActionMask = 2147483647;
			files = (
				B70F180F221D781800FE1149 /* Assets.xcassets in Resources */,
				B7C8358422250E5700CF3360 /* AppIconBlue.icns in Resources */,
				B70F181A221D957700FE1149 /* AppIconYellow.icns in Resources */,
				B70F1817221D957700FE1149 /* AppIconGreen.icns in Resources */,
				B70F181B221D957700FE1149 /* AppIconNeonGreen.icns in Resources */,
				50A37BB2207FF03E0020E218 /* Main.storyboard in Resources */,
				B70F1819221D957700FE1149 /* AppIconWhite.icns in Resources */,
				B70F1818221D957700FE1149 /* AppIconTeal.icns in Resources */,
				B70F181C221D957700FE1149 /* AppIconRed.icns in Resources */,
			);
			runOnlyForDeploymentPostprocessing = 0;
		};
/* End PBXResourcesBuildPhase section */

/* Begin PBXSourcesBuildPhase section */
		50A37BA3207FF03D0020E218 /* Sources */ = {
			isa = PBXSourcesBuildPhase;
			buildActionMask = 2147483647;
			files = (
				50A09BAE22104BA800365544 /* TableViewDelegate.swift in Sources */,
				B70E24BE21F5E5E700387D0A /* View.swift in Sources */,
				B7A3A9C0221AFCBD00CA5FE8 /* CountdownView.swift in Sources */,
				50A09BAC22104B0A00365544 /* TableView.swift in Sources */,
				50DC6D862081D22F00B7C347 /* Model.swift in Sources */,
				B7D220EA2211C2AC00207F1D /* Player-AVAudioPlayer.swift in Sources */,
				B7D9C0642214513B00A70F4A /* SongHistoryItem.m in Sources */,
				B75955862216D1A300D11E3F /* TimePanelWindow.swift in Sources */,
				B74E7FE623794E8C00569664 /* ObjC.m in Sources */,
				B7D9C06822145A3200A70F4A /* HistoryTableView.swift in Sources */,
				B7A3A9C4221C494600CA5FE8 /* PositionXmlParser.swift in Sources */,
				B7B46605237042EB00AA9419 /* PDFView.swift in Sources */,
				504E5FA42080F4E0003DBA66 /* Song.swift in Sources */,
				5017716921FF58C700D8A95A /* TimePanelView.swift in Sources */,
				B7364FD7221537AA00FB9C64 /* Player.swift in Sources */,
				50043ED52080C76C0025DC2D /* FileSystemUtils.swift in Sources */,
				B7DDFCB122141B3600637831 /* Tools.swift in Sources */,
				50DC6D882081D68100B7C347 /* PlayerView.swift in Sources */,
				B72299232202D0EA00AEFA90 /* PositionTableView.swift in Sources */,
				B722991F2200223B00AEFA90 /* ViewController.swift in Sources */,
				B75955882216DD5800D11E3F /* MainWindow.swift in Sources */,
				B7A3A9C2221BE44400CA5FE8 /* CountdownWindow.swift in Sources */,
				50A37BAD207FF03D0020E218 /* MainView.swift in Sources */,
				B72299212202C9FD00AEFA90 /* SongTableView.swift in Sources */,
				50A37BAB207FF03D0020E218 /* AppDelegate.swift in Sources */,
				B7985339221A812600BDE678 /* PreferencesView.swift in Sources */,
				B7B4660C23754EE600AA9419 /* StringScore.swift in Sources */,
				B7BD8F1B21F9A87E00532C1A /* Position.swift in Sources */,
				B7DDFCB322141F5F00637831 /* Database.m in Sources */,
				B78780F42216A131002B74B4 /* BassWrapper.m in Sources */,
				B7BD8F1821F760FB00532C1A /* Id3Wrapper.mm in Sources */,
			);
			runOnlyForDeploymentPostprocessing = 0;
		};
/* End PBXSourcesBuildPhase section */

/* Begin PBXVariantGroup section */
		50A37BB0207FF03E0020E218 /* Main.storyboard */ = {
			isa = PBXVariantGroup;
			children = (
				50A37BB1207FF03E0020E218 /* Base */,
				B7C8358522280FC200CF3360 /* de */,
				B7C8358922281CB200CF3360 /* en */,
			);
			name = Main.storyboard;
			sourceTree = "<group>";
		};
/* End PBXVariantGroup section */

/* Begin XCBuildConfiguration section */
		50A37BB5207FF03E0020E218 /* Debug */ = {
			isa = XCBuildConfiguration;
			buildSettings = {
				ALWAYS_SEARCH_USER_PATHS = NO;
				CLANG_ANALYZER_LOCALIZABILITY_NONLOCALIZED = YES;
				CLANG_ANALYZER_NONNULL = YES;
				CLANG_ANALYZER_NUMBER_OBJECT_CONVERSION = YES_AGGRESSIVE;
				CLANG_CXX_LANGUAGE_STANDARD = "gnu++14";
				CLANG_CXX_LIBRARY = "libc++";
				CLANG_ENABLE_MODULES = YES;
				CLANG_ENABLE_OBJC_ARC = YES;
				CLANG_ENABLE_OBJC_WEAK = YES;
				CLANG_WARN_BLOCK_CAPTURE_AUTORELEASING = YES;
				CLANG_WARN_BOOL_CONVERSION = YES;
				CLANG_WARN_COMMA = YES;
				CLANG_WARN_CONSTANT_CONVERSION = YES;
				CLANG_WARN_DEPRECATED_OBJC_IMPLEMENTATIONS = YES;
				CLANG_WARN_DIRECT_OBJC_ISA_USAGE = YES_ERROR;
				CLANG_WARN_DOCUMENTATION_COMMENTS = YES;
				CLANG_WARN_EMPTY_BODY = YES;
				CLANG_WARN_ENUM_CONVERSION = YES;
				CLANG_WARN_INFINITE_RECURSION = YES;
				CLANG_WARN_INT_CONVERSION = YES;
				CLANG_WARN_NON_LITERAL_NULL_CONVERSION = YES;
				CLANG_WARN_OBJC_IMPLICIT_RETAIN_SELF = YES;
				CLANG_WARN_OBJC_LITERAL_CONVERSION = YES;
				CLANG_WARN_OBJC_ROOT_CLASS = YES_ERROR;
				CLANG_WARN_RANGE_LOOP_ANALYSIS = YES;
				CLANG_WARN_STRICT_PROTOTYPES = YES;
				CLANG_WARN_SUSPICIOUS_MOVE = YES;
				CLANG_WARN_UNGUARDED_AVAILABILITY = YES_AGGRESSIVE;
				CLANG_WARN_UNREACHABLE_CODE = YES;
				CLANG_WARN__DUPLICATE_METHOD_MATCH = YES;
				CODE_SIGN_IDENTITY = "Mac Developer";
				COPY_PHASE_STRIP = NO;
				DEBUG_INFORMATION_FORMAT = dwarf;
				ENABLE_STRICT_OBJC_MSGSEND = YES;
				ENABLE_TESTABILITY = YES;
				GCC_C_LANGUAGE_STANDARD = gnu11;
				GCC_DYNAMIC_NO_PIC = NO;
				GCC_NO_COMMON_BLOCKS = YES;
				GCC_OPTIMIZATION_LEVEL = 0;
				GCC_PREPROCESSOR_DEFINITIONS = (
					"DEBUG=1",
					"$(inherited)",
				);
				GCC_WARN_64_TO_32_BIT_CONVERSION = YES;
				GCC_WARN_ABOUT_RETURN_TYPE = YES_ERROR;
				GCC_WARN_UNDECLARED_SELECTOR = YES;
				GCC_WARN_UNINITIALIZED_AUTOS = YES_AGGRESSIVE;
				GCC_WARN_UNUSED_FUNCTION = YES;
				GCC_WARN_UNUSED_VARIABLE = YES;
				MACOSX_DEPLOYMENT_TARGET = 10.13;
				MTL_ENABLE_DEBUG_INFO = YES;
				ONLY_ACTIVE_ARCH = YES;
				SDKROOT = macosx;
				SWIFT_ACTIVE_COMPILATION_CONDITIONS = DEBUG;
				SWIFT_OPTIMIZATION_LEVEL = "-Onone";
			};
			name = Debug;
		};
		50A37BB6207FF03E0020E218 /* Release */ = {
			isa = XCBuildConfiguration;
			buildSettings = {
				ALWAYS_SEARCH_USER_PATHS = NO;
				CLANG_ANALYZER_LOCALIZABILITY_NONLOCALIZED = YES;
				CLANG_ANALYZER_NONNULL = YES;
				CLANG_ANALYZER_NUMBER_OBJECT_CONVERSION = YES_AGGRESSIVE;
				CLANG_CXX_LANGUAGE_STANDARD = "gnu++14";
				CLANG_CXX_LIBRARY = "libc++";
				CLANG_ENABLE_MODULES = YES;
				CLANG_ENABLE_OBJC_ARC = YES;
				CLANG_ENABLE_OBJC_WEAK = YES;
				CLANG_WARN_BLOCK_CAPTURE_AUTORELEASING = YES;
				CLANG_WARN_BOOL_CONVERSION = YES;
				CLANG_WARN_COMMA = YES;
				CLANG_WARN_CONSTANT_CONVERSION = YES;
				CLANG_WARN_DEPRECATED_OBJC_IMPLEMENTATIONS = YES;
				CLANG_WARN_DIRECT_OBJC_ISA_USAGE = YES_ERROR;
				CLANG_WARN_DOCUMENTATION_COMMENTS = YES;
				CLANG_WARN_EMPTY_BODY = YES;
				CLANG_WARN_ENUM_CONVERSION = YES;
				CLANG_WARN_INFINITE_RECURSION = YES;
				CLANG_WARN_INT_CONVERSION = YES;
				CLANG_WARN_NON_LITERAL_NULL_CONVERSION = YES;
				CLANG_WARN_OBJC_IMPLICIT_RETAIN_SELF = YES;
				CLANG_WARN_OBJC_LITERAL_CONVERSION = YES;
				CLANG_WARN_OBJC_ROOT_CLASS = YES_ERROR;
				CLANG_WARN_RANGE_LOOP_ANALYSIS = YES;
				CLANG_WARN_STRICT_PROTOTYPES = YES;
				CLANG_WARN_SUSPICIOUS_MOVE = YES;
				CLANG_WARN_UNGUARDED_AVAILABILITY = YES_AGGRESSIVE;
				CLANG_WARN_UNREACHABLE_CODE = YES;
				CLANG_WARN__DUPLICATE_METHOD_MATCH = YES;
				CODE_SIGN_IDENTITY = "Mac Developer";
				COPY_PHASE_STRIP = NO;
				DEBUG_INFORMATION_FORMAT = "dwarf-with-dsym";
				ENABLE_NS_ASSERTIONS = NO;
				ENABLE_STRICT_OBJC_MSGSEND = YES;
				GCC_C_LANGUAGE_STANDARD = gnu11;
				GCC_NO_COMMON_BLOCKS = YES;
				GCC_WARN_64_TO_32_BIT_CONVERSION = YES;
				GCC_WARN_ABOUT_RETURN_TYPE = YES_ERROR;
				GCC_WARN_UNDECLARED_SELECTOR = YES;
				GCC_WARN_UNINITIALIZED_AUTOS = YES_AGGRESSIVE;
				GCC_WARN_UNUSED_FUNCTION = YES;
				GCC_WARN_UNUSED_VARIABLE = YES;
				MACOSX_DEPLOYMENT_TARGET = 10.13;
				MTL_ENABLE_DEBUG_INFO = NO;
				SDKROOT = macosx;
				SWIFT_COMPILATION_MODE = wholemodule;
				SWIFT_OPTIMIZATION_LEVEL = "-O";
			};
			name = Release;
		};
		50A37BB8207FF03E0020E218 /* Debug */ = {
			isa = XCBuildConfiguration;
			buildSettings = {
				ALWAYS_EMBED_SWIFT_STANDARD_LIBRARIES = NO;
				CLANG_ENABLE_MODULES = YES;
				CODE_SIGN_IDENTITY = "-";
				CODE_SIGN_STYLE = Automatic;
				COMBINE_HIDPI_IMAGES = YES;
				DEVELOPMENT_TEAM = 86S7CBP97U;
				ENABLE_ONLY_ACTIVE_RESOURCES = YES;
				FRAMEWORK_SEARCH_PATHS = "$(inherited)";
				GCC_INPUT_FILETYPE = automatic;
				HEADER_SEARCH_PATHS = (
					"$(inherited)",
					"$(PROJECT_DIR)/ClogAmpSwift/ObjCWrapper/**",
				);
				INFOPLIST_FILE = ClogAmpSwift/Info.plist;
				LD_RUNPATH_SEARCH_PATHS = (
					"$(inherited)",
					"@executable_path/../Frameworks",
				);
				LIBRARY_SEARCH_PATHS = (
					"$(inherited)",
					"$(PROJECT_DIR)/ClogAmpSwift",
				);
				MACH_O_TYPE = mh_execute;
				MACOSX_DEPLOYMENT_TARGET = 10.13;
				MARKETING_VERSION = "1.1.4 beta";
				PRODUCT_BUNDLE_IDENTIFIER = com.pmr.ClogAmpSwift;
				PRODUCT_NAME = ClogAmpMac;
				PROVISIONING_PROFILE_SPECIFIER = "";
				SWIFT_OBJC_BRIDGING_HEADER = "ClogAmpSwift/ObjCWrapper/ClogAmpSwift-Bridging-Header.h";
				SWIFT_OPTIMIZATION_LEVEL = "-Onone";
				SWIFT_VERSION = 5.0;
				USER_HEADER_SEARCH_PATHS = (
					"$(inherited)",
					"$(PROJECT_DIR)/ClogAmpSwift/ObjCWrapper/**",
				);
			};
			name = Debug;
		};
		50A37BB9207FF03E0020E218 /* Release */ = {
			isa = XCBuildConfiguration;
			buildSettings = {
				ALWAYS_EMBED_SWIFT_STANDARD_LIBRARIES = NO;
				CLANG_ENABLE_MODULES = YES;
				CODE_SIGN_IDENTITY = "-";
				CODE_SIGN_STYLE = Automatic;
				COMBINE_HIDPI_IMAGES = YES;
				DEVELOPMENT_TEAM = 86S7CBP97U;
				ENABLE_ONLY_ACTIVE_RESOURCES = YES;
				FRAMEWORK_SEARCH_PATHS = "$(inherited)";
				GCC_INPUT_FILETYPE = automatic;
				HEADER_SEARCH_PATHS = (
					"$(inherited)",
					"$(PROJECT_DIR)/ClogAmpSwift/ObjCWrapper/**",
				);
				INFOPLIST_FILE = ClogAmpSwift/Info.plist;
				LD_RUNPATH_SEARCH_PATHS = (
					"$(inherited)",
					"@executable_path/../Frameworks",
				);
				LIBRARY_SEARCH_PATHS = (
					"$(inherited)",
					"$(PROJECT_DIR)/ClogAmpSwift",
				);
				MACH_O_TYPE = mh_execute;
				MACOSX_DEPLOYMENT_TARGET = 10.13;
				MARKETING_VERSION = "1.1.4 beta";
				PRODUCT_BUNDLE_IDENTIFIER = com.pmr.ClogAmpSwift;
				PRODUCT_NAME = ClogAmpMac;
				PROVISIONING_PROFILE_SPECIFIER = "";
				SWIFT_OBJC_BRIDGING_HEADER = "ClogAmpSwift/ObjCWrapper/ClogAmpSwift-Bridging-Header.h";
				SWIFT_VERSION = 5.0;
				USER_HEADER_SEARCH_PATHS = (
					"$(inherited)",
					"$(PROJECT_DIR)/ClogAmpSwift/ObjCWrapper/**",
				);
			};
			name = Release;
		};
/* End XCBuildConfiguration section */

/* Begin XCConfigurationList section */
		50A37BA2207FF03D0020E218 /* Build configuration list for PBXProject "ClogAmpSwift" */ = {
			isa = XCConfigurationList;
			buildConfigurations = (
				50A37BB5207FF03E0020E218 /* Debug */,
				50A37BB6207FF03E0020E218 /* Release */,
			);
			defaultConfigurationIsVisible = 0;
			defaultConfigurationName = Release;
		};
		50A37BB7207FF03E0020E218 /* Build configuration list for PBXNativeTarget "ClogAmpSwift" */ = {
			isa = XCConfigurationList;
			buildConfigurations = (
				50A37BB8207FF03E0020E218 /* Debug */,
				50A37BB9207FF03E0020E218 /* Release */,
			);
			defaultConfigurationIsVisible = 0;
			defaultConfigurationName = Release;
		};
/* End XCConfigurationList section */
	};
	rootObject = 50A37B9F207FF03D0020E218 /* Project object */;
}
