// !$*UTF8*$!
{
	archiveVersion = 1;
	classes = {
	};
	objectVersion = 54;
	objects = {

/* Begin PBXBuildFile section */
		50043ED52080C76C0025DC2D /* FileSystemUtils.swift in Sources */ = {isa = PBXBuildFile; fileRef = 50043ED42080C76C0025DC2D /* FileSystemUtils.swift */; };
		50113FF8272AF57600EEB9A1 /* libid3-3.8.3.0.0.dylib in Frameworks */ = {isa = PBXBuildFile; fileRef = 50113FF7272AF57600EEB9A1 /* libid3-3.8.3.0.0.dylib */; };
		50113FF9272AF58A00EEB9A1 /* libid3-3.8.3.0.0.dylib in Embed Libraries */ = {isa = PBXBuildFile; fileRef = 50113FF7272AF57600EEB9A1 /* libid3-3.8.3.0.0.dylib */; settings = {ATTRIBUTES = (CodeSignOnCopy, ); }; };
		50113FFB27324F0A00EEB9A1 /* SongLog.swift in Sources */ = {isa = PBXBuildFile; fileRef = 50113FFA27324F0A00EEB9A1 /* SongLog.swift */; };
		5017716921FF58C700D8A95A /* TimePanelViewController.swift in Sources */ = {isa = PBXBuildFile; fileRef = 5017716821FF58C700D8A95A /* TimePanelViewController.swift */; };
		502D65532CF9C690007C4E81 /* HyperlinkTextField.swift in Sources */ = {isa = PBXBuildFile; fileRef = 502D65522CF9C690007C4E81 /* HyperlinkTextField.swift */; };
		502D65552CF9CC86007C4E81 /* SettingsAboutViewController.swift in Sources */ = {isa = PBXBuildFile; fileRef = 502D65542CF9CC86007C4E81 /* SettingsAboutViewController.swift */; };
		504E5FA42080F4E0003DBA66 /* Song.swift in Sources */ = {isa = PBXBuildFile; fileRef = 504E5FA32080F4E0003DBA66 /* Song.swift */; };
		50556BFA2CFE3DD300F4C716 /* Sparkle in Frameworks */ = {isa = PBXBuildFile; productRef = 50556BF92CFE3DD300F4C716 /* Sparkle */; };
		50A09BAC22104B0A00365544 /* TableView.swift in Sources */ = {isa = PBXBuildFile; fileRef = 50A09BAB22104B0A00365544 /* TableView.swift */; };
		50A09BAE22104BA800365544 /* TableViewDelegate.swift in Sources */ = {isa = PBXBuildFile; fileRef = 50A09BAD22104BA800365544 /* TableViewDelegate.swift */; };
		50A37BAB207FF03D0020E218 /* AppDelegate.swift in Sources */ = {isa = PBXBuildFile; fileRef = 50A37BAA207FF03D0020E218 /* AppDelegate.swift */; };
		50A37BAD207FF03D0020E218 /* MainViewController.swift in Sources */ = {isa = PBXBuildFile; fileRef = 50A37BAC207FF03D0020E218 /* MainViewController.swift */; };
		50A37BB2207FF03E0020E218 /* Main.storyboard in Resources */ = {isa = PBXBuildFile; fileRef = 50A37BB0207FF03E0020E218 /* Main.storyboard */; };
		50A571BA2CEF85A600DB755B /* HtmlToPdf in Frameworks */ = {isa = PBXBuildFile; productRef = 50A571B92CEF85A600DB755B /* HtmlToPdf */; };
		50A571BD2CEFA33E00DB755B /* NotificationDelegate.swift in Sources */ = {isa = PBXBuildFile; fileRef = 50A571BC2CEFA33E00DB755B /* NotificationDelegate.swift */; };
		50A571BF2CF10EA600DB755B /* UpdateHistory.html in Resources */ = {isa = PBXBuildFile; fileRef = 50A571BE2CF10EA600DB755B /* UpdateHistory.html */; };
		50AF239A2A5F2FAA0019A846 /* PlayerLog.swift in Sources */ = {isa = PBXBuildFile; fileRef = 50AF23992A5F2FAA0019A846 /* PlayerLog.swift */; };
		50DC6D882081D68100B7C347 /* PlayerViewController.swift in Sources */ = {isa = PBXBuildFile; fileRef = 50DC6D872081D68100B7C347 /* PlayerViewController.swift */; };
		50FDB7E12CF79693001A3054 /* SettingsGeneralViewController.swift in Sources */ = {isa = PBXBuildFile; fileRef = 50FDB7E02CF79693001A3054 /* SettingsGeneralViewController.swift */; };
		50FDB7E32CF79C0F001A3054 /* UserDefaults.swift in Sources */ = {isa = PBXBuildFile; fileRef = 50FDB7E22CF79C0F001A3054 /* UserDefaults.swift */; };
		50FDB7E52CF7BCD1001A3054 /* SettingsPositionsViewController.swift in Sources */ = {isa = PBXBuildFile; fileRef = 50FDB7E42CF7BCD1001A3054 /* SettingsPositionsViewController.swift */; };
		50FDB7E72CF87413001A3054 /* SettingsIconViewController.swift in Sources */ = {isa = PBXBuildFile; fileRef = 50FDB7E62CF87413001A3054 /* SettingsIconViewController.swift */; };
		B70A70EF2B06547E00059599 /* PlayerAudioEngine.swift in Sources */ = {isa = PBXBuildFile; fileRef = B70A70EE2B06547E00059599 /* PlayerAudioEngine.swift */; };
		B70F180F221D781800FE1149 /* Assets.xcassets in Resources */ = {isa = PBXBuildFile; fileRef = B70F180E221D781800FE1149 /* Assets.xcassets */; };
		B713648D2B15F2CE009B800F /* String.swift in Sources */ = {isa = PBXBuildFile; fileRef = B713648C2B15F2CE009B800F /* String.swift */; };
		B71364912B164A23009B800F /* CoreAudio.framework in Frameworks */ = {isa = PBXBuildFile; fileRef = B71364902B164A23009B800F /* CoreAudio.framework */; };
		B720A3032CF74ADB000C73D2 /* SettingsTabViewController.swift in Sources */ = {isa = PBXBuildFile; fileRef = B720A3022CF74AD5000C73D2 /* SettingsTabViewController.swift */; };
		B722991F2200223B00AEFA90 /* ViewController.swift in Sources */ = {isa = PBXBuildFile; fileRef = B722991E2200223B00AEFA90 /* ViewController.swift */; };
		B72299212202C9FD00AEFA90 /* SongTableViewController.swift in Sources */ = {isa = PBXBuildFile; fileRef = B72299202202C9FD00AEFA90 /* SongTableViewController.swift */; };
		B72299232202D0EA00AEFA90 /* PositionTableViewController.swift in Sources */ = {isa = PBXBuildFile; fileRef = B72299222202D0EA00AEFA90 /* PositionTableViewController.swift */; };
		B73E0DF62C5A1D210064D4A3 /* DecibelTransformer.swift in Sources */ = {isa = PBXBuildFile; fileRef = B73E0DF52C5A1D210064D4A3 /* DecibelTransformer.swift */; };
		B73E0DF82C5B67FD0064D4A3 /* NSImage.swift in Sources */ = {isa = PBXBuildFile; fileRef = B73E0DF72C5B67FD0064D4A3 /* NSImage.swift */; };
		B73E0DFA2C5CD3B40064D4A3 /* HertzTransformer.swift in Sources */ = {isa = PBXBuildFile; fileRef = B73E0DF92C5CD3B40064D4A3 /* HertzTransformer.swift */; };
		B74E7FE623794E8C00569664 /* ObjC.m in Sources */ = {isa = PBXBuildFile; fileRef = B74E7FE523794E8C00569664 /* ObjC.m */; };
		B75955862216D1A300D11E3F /* TimePanelWindowController.swift in Sources */ = {isa = PBXBuildFile; fileRef = B75955852216D1A300D11E3F /* TimePanelWindowController.swift */; };
		B75955882216DD5800D11E3F /* MainWindowController.swift in Sources */ = {isa = PBXBuildFile; fileRef = B75955872216DD5800D11E3F /* MainWindowController.swift */; };
		B76C88CE2C57CB7200D68A87 /* EQViewController.swift in Sources */ = {isa = PBXBuildFile; fileRef = B76C88CD2C57CB7200D68A87 /* EQViewController.swift */; };
		B78780F42216A131002B74B4 /* BassWrapper.m in Sources */ = {isa = PBXBuildFile; fileRef = B78780F32216A131002B74B4 /* BassWrapper.m */; };
		B79853322217073500BDE678 /* libbass_fx.dylib in Frameworks */ = {isa = PBXBuildFile; fileRef = B79853302217073500BDE678 /* libbass_fx.dylib */; };
		B79853332217073500BDE678 /* libbass.dylib in Frameworks */ = {isa = PBXBuildFile; fileRef = B79853312217073500BDE678 /* libbass.dylib */; };
		B79853362217075500BDE678 /* libbass_fx.dylib in Embed Libraries */ = {isa = PBXBuildFile; fileRef = B79853302217073500BDE678 /* libbass_fx.dylib */; settings = {ATTRIBUTES = (CodeSignOnCopy, ); }; };
		B79853372217075500BDE678 /* libbass.dylib in Embed Libraries */ = {isa = PBXBuildFile; fileRef = B79853312217073500BDE678 /* libbass.dylib */; settings = {ATTRIBUTES = (CodeSignOnCopy, ); }; };
		B7A3A9C0221AFCBD00CA5FE8 /* CountdownViewController.swift in Sources */ = {isa = PBXBuildFile; fileRef = B7A3A9BF221AFCBD00CA5FE8 /* CountdownViewController.swift */; };
		B7A3A9C2221BE44400CA5FE8 /* CountdownWindowController.swift in Sources */ = {isa = PBXBuildFile; fileRef = B7A3A9C1221BE44400CA5FE8 /* CountdownWindowController.swift */; };
		B7A3A9C4221C494600CA5FE8 /* PositionXmlParser.swift in Sources */ = {isa = PBXBuildFile; fileRef = B7A3A9C3221C494600CA5FE8 /* PositionXmlParser.swift */; };
		B7B3A177237ACFC7009667CF /* PlaylistViewController.swift in Sources */ = {isa = PBXBuildFile; fileRef = B7B3A176237ACFC7009667CF /* PlaylistViewController.swift */; };
		B7B3A179237BDC70009667CF /* SwiftPlaylist.swift in Sources */ = {isa = PBXBuildFile; fileRef = B7B3A178237BDC70009667CF /* SwiftPlaylist.swift */; };
		B7B3A17C237C09BC009667CF /* Localizable.strings in Resources */ = {isa = PBXBuildFile; fileRef = B7B3A17E237C09BC009667CF /* Localizable.strings */; };
		B7B3A185237E726A009667CF /* Playlist.mm in Sources */ = {isa = PBXBuildFile; fileRef = B7B3A184237E726A009667CF /* Playlist.mm */; };
		B7B3A189237EBCC0009667CF /* Window.swift in Sources */ = {isa = PBXBuildFile; fileRef = B7B3A188237EBCC0009667CF /* Window.swift */; };
		B7B3A18B237EC209009667CF /* Panel.swift in Sources */ = {isa = PBXBuildFile; fileRef = B7B3A18A237EC209009667CF /* Panel.swift */; };
		B7B46605237042EB00AA9419 /* PDFViewController.swift in Sources */ = {isa = PBXBuildFile; fileRef = B7B46604237042EB00AA9419 /* PDFViewController.swift */; };
		B7B46608237046D800AA9419 /* PDFKit.framework in Frameworks */ = {isa = PBXBuildFile; fileRef = B7B46607237046D800AA9419 /* PDFKit.framework */; };
		B7B4660C23754EE600AA9419 /* StringScore.swift in Sources */ = {isa = PBXBuildFile; fileRef = B7B4660B23754EE600AA9419 /* StringScore.swift */; };
		B7B765372B0F3D6E0019BF7C /* Settings.swift in Sources */ = {isa = PBXBuildFile; fileRef = B7B765362B0F3D6E0019BF7C /* Settings.swift */; };
		B7BB5515237EC46300E153DF /* HistoryWindowController.swift in Sources */ = {isa = PBXBuildFile; fileRef = B7BB5514237EC46300E153DF /* HistoryWindowController.swift */; };
		B7BB5518237FDBF800E153DF /* PlaylistSongItem.m in Sources */ = {isa = PBXBuildFile; fileRef = B7BB5516237FDBF800E153DF /* PlaylistSongItem.m */; };
		B7BD8F1821F760FB00532C1A /* Id3Wrapper.mm in Sources */ = {isa = PBXBuildFile; fileRef = B7BD8F1721F760FB00532C1A /* Id3Wrapper.mm */; };
		B7BD8F1B21F9A87E00532C1A /* Position.swift in Sources */ = {isa = PBXBuildFile; fileRef = B7BD8F1A21F9A87E00532C1A /* Position.swift */; };
		B7D141502382B0FF0056B042 /* PasteboardType.swift in Sources */ = {isa = PBXBuildFile; fileRef = B7D1414F2382B0FF0056B042 /* PasteboardType.swift */; };
		B7D141522382B1F30056B042 /* PasteboardWriter.swift in Sources */ = {isa = PBXBuildFile; fileRef = B7D141512382B1F30056B042 /* PasteboardWriter.swift */; };
		B7D7C4352B17382D007DCA96 /* BpmClickViewController.swift in Sources */ = {isa = PBXBuildFile; fileRef = B7D7C4342B17382D007DCA96 /* BpmClickViewController.swift */; };
		B7D7C4372B1A1E11007DCA96 /* PrimeAV.mp3 in Resources */ = {isa = PBXBuildFile; fileRef = B7D7C4362B1A1E11007DCA96 /* PrimeAV.mp3 */; };
		B7D7C4382B1A1E1F007DCA96 /* PrimeAV.mp3 in CopyFiles */ = {isa = PBXBuildFile; fileRef = B7D7C4362B1A1E11007DCA96 /* PrimeAV.mp3 */; };
		B7D9C0642214513B00A70F4A /* SongHistoryItem.m in Sources */ = {isa = PBXBuildFile; fileRef = B7D9C0632214513B00A70F4A /* SongHistoryItem.m */; };
		B7D9C06822145A3200A70F4A /* HistoryTableViewController.swift in Sources */ = {isa = PBXBuildFile; fileRef = B7D9C06722145A3200A70F4A /* HistoryTableViewController.swift */; };
		B7DDFCB122141B3600637831 /* Tools.swift in Sources */ = {isa = PBXBuildFile; fileRef = B7DDFCB022141B3600637831 /* Tools.swift */; };
		B7DDFCB322141F5F00637831 /* Database.m in Sources */ = {isa = PBXBuildFile; fileRef = B7DDFCB222141F5F00637831 /* Database.m */; };
		B7F48C9D238FE9F000C3DB01 /* Click.mp3 in Resources */ = {isa = PBXBuildFile; fileRef = B7F48C9C238FE9EF00C3DB01 /* Click.mp3 */; };
		B7F48C9E238FEA0300C3DB01 /* Click.mp3 in CopyFiles */ = {isa = PBXBuildFile; fileRef = B7F48C9C238FE9EF00C3DB01 /* Click.mp3 */; };
		B7F48CA02390E37F00C3DB01 /* BeatPlayerViewController.swift in Sources */ = {isa = PBXBuildFile; fileRef = B7F48C9F2390E37F00C3DB01 /* BeatPlayerViewController.swift */; };
/* End PBXBuildFile section */

/* Begin PBXCopyFilesBuildPhase section */
		B74E7FEA23795C5B00569664 /* CopyFiles */ = {
			isa = PBXCopyFilesBuildPhase;
			buildActionMask = 2147483647;
			dstPath = Fonts;
			dstSubfolderSpec = 7;
			files = (
				B7D7C4382B1A1E1F007DCA96 /* PrimeAV.mp3 in CopyFiles */,
				B7F48C9E238FEA0300C3DB01 /* Click.mp3 in CopyFiles */,
			);
			runOnlyForDeploymentPostprocessing = 0;
		};
		B7BD8EEC21F754D600532C1A /* Embed Libraries */ = {
			isa = PBXCopyFilesBuildPhase;
			buildActionMask = 2147483647;
			dstPath = "";
			dstSubfolderSpec = 10;
			files = (
				50113FF9272AF58A00EEB9A1 /* libid3-3.8.3.0.0.dylib in Embed Libraries */,
				B79853362217075500BDE678 /* libbass_fx.dylib in Embed Libraries */,
				B79853372217075500BDE678 /* libbass.dylib in Embed Libraries */,
			);
			name = "Embed Libraries";
			runOnlyForDeploymentPostprocessing = 0;
		};
/* End PBXCopyFilesBuildPhase section */

/* Begin PBXFileReference section */
		50043ED42080C76C0025DC2D /* FileSystemUtils.swift */ = {isa = PBXFileReference; lastKnownFileType = sourcecode.swift; path = FileSystemUtils.swift; sourceTree = "<group>"; };
		50113FF7272AF57600EEB9A1 /* libid3-3.8.3.0.0.dylib */ = {isa = PBXFileReference; lastKnownFileType = "compiled.mach-o.dylib"; path = "libid3-3.8.3.0.0.dylib"; sourceTree = "<group>"; };
		50113FFA27324F0A00EEB9A1 /* SongLog.swift */ = {isa = PBXFileReference; lastKnownFileType = sourcecode.swift; path = SongLog.swift; sourceTree = "<group>"; };
		5017716821FF58C700D8A95A /* TimePanelViewController.swift */ = {isa = PBXFileReference; lastKnownFileType = sourcecode.swift; path = TimePanelViewController.swift; sourceTree = "<group>"; };
		502D65522CF9C690007C4E81 /* HyperlinkTextField.swift */ = {isa = PBXFileReference; lastKnownFileType = sourcecode.swift; path = HyperlinkTextField.swift; sourceTree = "<group>"; };
		502D65542CF9CC86007C4E81 /* SettingsAboutViewController.swift */ = {isa = PBXFileReference; lastKnownFileType = sourcecode.swift; path = SettingsAboutViewController.swift; sourceTree = "<group>"; };
		504E5FA32080F4E0003DBA66 /* Song.swift */ = {isa = PBXFileReference; lastKnownFileType = sourcecode.swift; path = Song.swift; sourceTree = "<group>"; };
		50A09BAB22104B0A00365544 /* TableView.swift */ = {isa = PBXFileReference; lastKnownFileType = sourcecode.swift; path = TableView.swift; sourceTree = "<group>"; };
		50A09BAD22104BA800365544 /* TableViewDelegate.swift */ = {isa = PBXFileReference; lastKnownFileType = sourcecode.swift; path = TableViewDelegate.swift; sourceTree = "<group>"; };
		50A37BA7207FF03D0020E218 /* ClogAmpMac.app */ = {isa = PBXFileReference; explicitFileType = wrapper.application; includeInIndex = 0; path = ClogAmpMac.app; sourceTree = BUILT_PRODUCTS_DIR; };
		50A37BAA207FF03D0020E218 /* AppDelegate.swift */ = {isa = PBXFileReference; lastKnownFileType = sourcecode.swift; path = AppDelegate.swift; sourceTree = "<group>"; };
		50A37BAC207FF03D0020E218 /* MainViewController.swift */ = {isa = PBXFileReference; lastKnownFileType = sourcecode.swift; path = MainViewController.swift; sourceTree = "<group>"; };
		50A37BB1207FF03E0020E218 /* Base */ = {isa = PBXFileReference; lastKnownFileType = file.storyboard; name = Base; path = Base.lproj/Main.storyboard; sourceTree = "<group>"; };
		50A37BB3207FF03E0020E218 /* Info.plist */ = {isa = PBXFileReference; lastKnownFileType = text.plist.xml; path = Info.plist; sourceTree = "<group>"; };
		50A37BB4207FF03E0020E218 /* ClogAmpSwift.entitlements */ = {isa = PBXFileReference; lastKnownFileType = text.plist.entitlements; path = ClogAmpSwift.entitlements; sourceTree = "<group>"; };
		50A571BC2CEFA33E00DB755B /* NotificationDelegate.swift */ = {isa = PBXFileReference; lastKnownFileType = sourcecode.swift; path = NotificationDelegate.swift; sourceTree = "<group>"; };
		50A571BE2CF10EA600DB755B /* UpdateHistory.html */ = {isa = PBXFileReference; lastKnownFileType = text.html; path = UpdateHistory.html; sourceTree = "<group>"; };
		50AF23992A5F2FAA0019A846 /* PlayerLog.swift */ = {isa = PBXFileReference; lastKnownFileType = sourcecode.swift; path = PlayerLog.swift; sourceTree = "<group>"; };
		50DC6D872081D68100B7C347 /* PlayerViewController.swift */ = {isa = PBXFileReference; lastKnownFileType = sourcecode.swift; path = PlayerViewController.swift; sourceTree = "<group>"; };
		50FDB7E02CF79693001A3054 /* SettingsGeneralViewController.swift */ = {isa = PBXFileReference; lastKnownFileType = sourcecode.swift; path = SettingsGeneralViewController.swift; sourceTree = "<group>"; };
		50FDB7E22CF79C0F001A3054 /* UserDefaults.swift */ = {isa = PBXFileReference; lastKnownFileType = sourcecode.swift; path = UserDefaults.swift; sourceTree = "<group>"; };
		50FDB7E42CF7BCD1001A3054 /* SettingsPositionsViewController.swift */ = {isa = PBXFileReference; lastKnownFileType = sourcecode.swift; path = SettingsPositionsViewController.swift; sourceTree = "<group>"; };
		50FDB7E62CF87413001A3054 /* SettingsIconViewController.swift */ = {isa = PBXFileReference; lastKnownFileType = sourcecode.swift; path = SettingsIconViewController.swift; sourceTree = "<group>"; };
		B70A70EE2B06547E00059599 /* PlayerAudioEngine.swift */ = {isa = PBXFileReference; lastKnownFileType = sourcecode.swift; path = PlayerAudioEngine.swift; sourceTree = "<group>"; };
		B70F180E221D781800FE1149 /* Assets.xcassets */ = {isa = PBXFileReference; lastKnownFileType = folder.assetcatalog; path = Assets.xcassets; sourceTree = "<group>"; };
		B713648C2B15F2CE009B800F /* String.swift */ = {isa = PBXFileReference; lastKnownFileType = sourcecode.swift; path = String.swift; sourceTree = "<group>"; };
		B713648E2B1648EF009B800F /* CoreAudioTypes.framework */ = {isa = PBXFileReference; lastKnownFileType = wrapper.framework; name = CoreAudioTypes.framework; path = System/Library/Frameworks/CoreAudioTypes.framework; sourceTree = SDKROOT; };
		B71364902B164A23009B800F /* CoreAudio.framework */ = {isa = PBXFileReference; lastKnownFileType = wrapper.framework; name = CoreAudio.framework; path = System/Library/Frameworks/CoreAudio.framework; sourceTree = SDKROOT; };
		B720A3022CF74AD5000C73D2 /* SettingsTabViewController.swift */ = {isa = PBXFileReference; lastKnownFileType = sourcecode.swift; path = SettingsTabViewController.swift; sourceTree = "<group>"; };
		B722991E2200223B00AEFA90 /* ViewController.swift */ = {isa = PBXFileReference; lastKnownFileType = sourcecode.swift; path = ViewController.swift; sourceTree = "<group>"; };
		B72299202202C9FD00AEFA90 /* SongTableViewController.swift */ = {isa = PBXFileReference; lastKnownFileType = sourcecode.swift; path = SongTableViewController.swift; sourceTree = "<group>"; };
		B72299222202D0EA00AEFA90 /* PositionTableViewController.swift */ = {isa = PBXFileReference; lastKnownFileType = sourcecode.swift; path = PositionTableViewController.swift; sourceTree = "<group>"; };
		B73E0DF52C5A1D210064D4A3 /* DecibelTransformer.swift */ = {isa = PBXFileReference; lastKnownFileType = sourcecode.swift; path = DecibelTransformer.swift; sourceTree = "<group>"; };
		B73E0DF72C5B67FD0064D4A3 /* NSImage.swift */ = {isa = PBXFileReference; lastKnownFileType = sourcecode.swift; path = NSImage.swift; sourceTree = "<group>"; };
		B73E0DF92C5CD3B40064D4A3 /* HertzTransformer.swift */ = {isa = PBXFileReference; lastKnownFileType = sourcecode.swift; path = HertzTransformer.swift; sourceTree = "<group>"; };
		B74E7FE423794E5500569664 /* ObjC.h */ = {isa = PBXFileReference; lastKnownFileType = sourcecode.c.h; path = ObjC.h; sourceTree = "<group>"; };
		B74E7FE523794E8C00569664 /* ObjC.m */ = {isa = PBXFileReference; lastKnownFileType = sourcecode.c.objc; path = ObjC.m; sourceTree = "<group>"; };
		B75955852216D1A300D11E3F /* TimePanelWindowController.swift */ = {isa = PBXFileReference; lastKnownFileType = sourcecode.swift; path = TimePanelWindowController.swift; sourceTree = "<group>"; };
		B75955872216DD5800D11E3F /* MainWindowController.swift */ = {isa = PBXFileReference; lastKnownFileType = sourcecode.swift; path = MainWindowController.swift; sourceTree = "<group>"; };
		B76C88CD2C57CB7200D68A87 /* EQViewController.swift */ = {isa = PBXFileReference; fileEncoding = 4; lastKnownFileType = sourcecode.swift; path = EQViewController.swift; sourceTree = "<group>"; };
		B78780F32216A131002B74B4 /* BassWrapper.m */ = {isa = PBXFileReference; lastKnownFileType = sourcecode.c.objc; path = BassWrapper.m; sourceTree = "<group>"; };
		B78780F52216A13C002B74B4 /* BassWrapper.h */ = {isa = PBXFileReference; lastKnownFileType = sourcecode.c.h; path = BassWrapper.h; sourceTree = "<group>"; };
		B79853302217073500BDE678 /* libbass_fx.dylib */ = {isa = PBXFileReference; lastKnownFileType = "compiled.mach-o.dylib"; path = libbass_fx.dylib; sourceTree = "<group>"; };
		B79853312217073500BDE678 /* libbass.dylib */ = {isa = PBXFileReference; lastKnownFileType = "compiled.mach-o.dylib"; path = libbass.dylib; sourceTree = "<group>"; };
		B79853342217074400BDE678 /* bass.h */ = {isa = PBXFileReference; lastKnownFileType = sourcecode.c.h; path = bass.h; sourceTree = "<group>"; };
		B79853352217074500BDE678 /* bass_fx.h */ = {isa = PBXFileReference; lastKnownFileType = sourcecode.c.h; path = bass_fx.h; sourceTree = "<group>"; };
		B7A3A9BF221AFCBD00CA5FE8 /* CountdownViewController.swift */ = {isa = PBXFileReference; lastKnownFileType = sourcecode.swift; path = CountdownViewController.swift; sourceTree = "<group>"; };
		B7A3A9C1221BE44400CA5FE8 /* CountdownWindowController.swift */ = {isa = PBXFileReference; lastKnownFileType = sourcecode.swift; path = CountdownWindowController.swift; sourceTree = "<group>"; };
		B7A3A9C3221C494600CA5FE8 /* PositionXmlParser.swift */ = {isa = PBXFileReference; lastKnownFileType = sourcecode.swift; path = PositionXmlParser.swift; sourceTree = "<group>"; };
		B7B3A176237ACFC7009667CF /* PlaylistViewController.swift */ = {isa = PBXFileReference; lastKnownFileType = sourcecode.swift; path = PlaylistViewController.swift; sourceTree = "<group>"; };
		B7B3A178237BDC70009667CF /* SwiftPlaylist.swift */ = {isa = PBXFileReference; lastKnownFileType = sourcecode.swift; path = SwiftPlaylist.swift; sourceTree = "<group>"; };
		B7B3A17D237C09BC009667CF /* en */ = {isa = PBXFileReference; lastKnownFileType = text.plist.strings; name = en; path = en.lproj/Localizable.strings; sourceTree = "<group>"; };
		B7B3A17F237C09CC009667CF /* de */ = {isa = PBXFileReference; lastKnownFileType = text.plist.strings; name = de; path = de.lproj/Localizable.strings; sourceTree = "<group>"; };
		B7B3A183237E726A009667CF /* Playlist.h */ = {isa = PBXFileReference; fileEncoding = 4; lastKnownFileType = sourcecode.c.h; path = Playlist.h; sourceTree = "<group>"; };
		B7B3A184237E726A009667CF /* Playlist.mm */ = {isa = PBXFileReference; fileEncoding = 4; lastKnownFileType = sourcecode.cpp.objcpp; path = Playlist.mm; sourceTree = "<group>"; };
		B7B3A188237EBCC0009667CF /* Window.swift */ = {isa = PBXFileReference; lastKnownFileType = sourcecode.swift; path = Window.swift; sourceTree = "<group>"; };
		B7B3A18A237EC209009667CF /* Panel.swift */ = {isa = PBXFileReference; lastKnownFileType = sourcecode.swift; path = Panel.swift; sourceTree = "<group>"; };
		B7B46604237042EB00AA9419 /* PDFViewController.swift */ = {isa = PBXFileReference; lastKnownFileType = sourcecode.swift; path = PDFViewController.swift; sourceTree = "<group>"; };
		B7B46607237046D800AA9419 /* PDFKit.framework */ = {isa = PBXFileReference; lastKnownFileType = wrapper.framework; name = PDFKit.framework; path = System/Library/Frameworks/PDFKit.framework; sourceTree = SDKROOT; };
		B7B4660B23754EE600AA9419 /* StringScore.swift */ = {isa = PBXFileReference; lastKnownFileType = sourcecode.swift; path = StringScore.swift; sourceTree = "<group>"; };
		B7B765362B0F3D6E0019BF7C /* Settings.swift */ = {isa = PBXFileReference; lastKnownFileType = sourcecode.swift; path = Settings.swift; sourceTree = "<group>"; };
		B7BB5514237EC46300E153DF /* HistoryWindowController.swift */ = {isa = PBXFileReference; lastKnownFileType = sourcecode.swift; path = HistoryWindowController.swift; sourceTree = "<group>"; };
		B7BB5516237FDBF800E153DF /* PlaylistSongItem.m */ = {isa = PBXFileReference; fileEncoding = 4; lastKnownFileType = sourcecode.c.objc; path = PlaylistSongItem.m; sourceTree = "<group>"; };
		B7BB5517237FDBF800E153DF /* PlaylistSongItem.h */ = {isa = PBXFileReference; fileEncoding = 4; lastKnownFileType = sourcecode.c.h; path = PlaylistSongItem.h; sourceTree = "<group>"; };
		B7BD8ED421F74B6900532C1A /* ClogAmpSwift-Bridging-Header.h */ = {isa = PBXFileReference; lastKnownFileType = sourcecode.c.h; path = "ClogAmpSwift-Bridging-Header.h"; sourceTree = "<group>"; };
		B7BD8F0621F7597800532C1A /* id3lib_frame.h */ = {isa = PBXFileReference; lastKnownFileType = sourcecode.c.h; path = id3lib_frame.h; sourceTree = "<group>"; };
		B7BD8F0721F7597800532C1A /* utils.h */ = {isa = PBXFileReference; lastKnownFileType = sourcecode.c.h; path = utils.h; sourceTree = "<group>"; };
		B7BD8F0821F7597800532C1A /* reader.h */ = {isa = PBXFileReference; lastKnownFileType = sourcecode.c.h; path = reader.h; sourceTree = "<group>"; };
		B7BD8F0921F7597800532C1A /* sized_types.h */ = {isa = PBXFileReference; lastKnownFileType = sourcecode.c.h; path = sized_types.h; sourceTree = "<group>"; };
		B7BD8F0A21F7597800532C1A /* tag.h */ = {isa = PBXFileReference; lastKnownFileType = sourcecode.c.h; path = tag.h; sourceTree = "<group>"; };
		B7BD8F0B21F7597800532C1A /* field.h */ = {isa = PBXFileReference; lastKnownFileType = sourcecode.c.h; path = field.h; sourceTree = "<group>"; };
		B7BD8F0C21F7597800532C1A /* id3lib_strings.h */ = {isa = PBXFileReference; lastKnownFileType = sourcecode.c.h; path = id3lib_strings.h; sourceTree = "<group>"; };
		B7BD8F0D21F7597800532C1A /* globals.h */ = {isa = PBXFileReference; lastKnownFileType = sourcecode.c.h; path = globals.h; sourceTree = "<group>"; };
		B7BD8F0E21F7597800532C1A /* writer.h */ = {isa = PBXFileReference; lastKnownFileType = sourcecode.c.h; path = writer.h; sourceTree = "<group>"; };
		B7BD8F0F21F7597800532C1A /* readers.h */ = {isa = PBXFileReference; lastKnownFileType = sourcecode.c.h; path = readers.h; sourceTree = "<group>"; };
		B7BD8F1021F7597800532C1A /* misc_support.h */ = {isa = PBXFileReference; lastKnownFileType = sourcecode.c.h; path = misc_support.h; sourceTree = "<group>"; };
		B7BD8F1121F7597800532C1A /* id3lib_streams.h */ = {isa = PBXFileReference; lastKnownFileType = sourcecode.c.h; path = id3lib_streams.h; sourceTree = "<group>"; };
		B7BD8F1221F7597800532C1A /* writers.h */ = {isa = PBXFileReference; lastKnownFileType = sourcecode.c.h; path = writers.h; sourceTree = "<group>"; };
		B7BD8F1321F7597900532C1A /* id3.h */ = {isa = PBXFileReference; lastKnownFileType = sourcecode.c.h; path = id3.h; sourceTree = "<group>"; };
		B7BD8F1721F760FB00532C1A /* Id3Wrapper.mm */ = {isa = PBXFileReference; lastKnownFileType = sourcecode.cpp.objcpp; path = Id3Wrapper.mm; sourceTree = "<group>"; };
		B7BD8F1921F7611000532C1A /* Id3Wrapper.h */ = {isa = PBXFileReference; lastKnownFileType = sourcecode.c.h; path = Id3Wrapper.h; sourceTree = "<group>"; };
		B7BD8F1A21F9A87E00532C1A /* Position.swift */ = {isa = PBXFileReference; lastKnownFileType = sourcecode.swift; path = Position.swift; sourceTree = "<group>"; };
		B7C8358522280FC200CF3360 /* de */ = {isa = PBXFileReference; lastKnownFileType = text.plist.strings; name = de; path = de.lproj/Main.strings; sourceTree = "<group>"; };
		B7D1414F2382B0FF0056B042 /* PasteboardType.swift */ = {isa = PBXFileReference; lastKnownFileType = sourcecode.swift; path = PasteboardType.swift; sourceTree = "<group>"; };
		B7D141512382B1F30056B042 /* PasteboardWriter.swift */ = {isa = PBXFileReference; lastKnownFileType = sourcecode.swift; path = PasteboardWriter.swift; sourceTree = "<group>"; };
		B7D7C4342B17382D007DCA96 /* BpmClickViewController.swift */ = {isa = PBXFileReference; lastKnownFileType = sourcecode.swift; path = BpmClickViewController.swift; sourceTree = "<group>"; };
		B7D7C4362B1A1E11007DCA96 /* PrimeAV.mp3 */ = {isa = PBXFileReference; lastKnownFileType = audio.mp3; path = PrimeAV.mp3; sourceTree = "<group>"; };
		B7D9C0622214513B00A70F4A /* SongHistoryItem.h */ = {isa = PBXFileReference; fileEncoding = 4; lastKnownFileType = sourcecode.c.h; path = SongHistoryItem.h; sourceTree = "<group>"; };
		B7D9C0632214513B00A70F4A /* SongHistoryItem.m */ = {isa = PBXFileReference; fileEncoding = 4; lastKnownFileType = sourcecode.c.objc; path = SongHistoryItem.m; sourceTree = "<group>"; };
		B7D9C06722145A3200A70F4A /* HistoryTableViewController.swift */ = {isa = PBXFileReference; lastKnownFileType = sourcecode.swift; path = HistoryTableViewController.swift; sourceTree = "<group>"; };
		B7DDFCB022141B3600637831 /* Tools.swift */ = {isa = PBXFileReference; lastKnownFileType = sourcecode.swift; path = Tools.swift; sourceTree = "<group>"; };
		B7DDFCB222141F5F00637831 /* Database.m */ = {isa = PBXFileReference; lastKnownFileType = sourcecode.c.objc; path = Database.m; sourceTree = "<group>"; };
		B7DDFCB422141F6B00637831 /* Database.h */ = {isa = PBXFileReference; lastKnownFileType = sourcecode.c.h; path = Database.h; sourceTree = "<group>"; };
		B7F48C9C238FE9EF00C3DB01 /* Click.mp3 */ = {isa = PBXFileReference; lastKnownFileType = audio.mp3; path = Click.mp3; sourceTree = "<group>"; };
		B7F48C9F2390E37F00C3DB01 /* BeatPlayerViewController.swift */ = {isa = PBXFileReference; fileEncoding = 4; lastKnownFileType = sourcecode.swift; path = BeatPlayerViewController.swift; sourceTree = "<group>"; };
/* End PBXFileReference section */

/* Begin PBXFrameworksBuildPhase section */
		50A37BA4207FF03D0020E218 /* Frameworks */ = {
			isa = PBXFrameworksBuildPhase;
			buildActionMask = 2147483647;
			files = (
				50556BFA2CFE3DD300F4C716 /* Sparkle in Frameworks */,
				B71364912B164A23009B800F /* CoreAudio.framework in Frameworks */,
				B79853332217073500BDE678 /* libbass.dylib in Frameworks */,
				50A571BA2CEF85A600DB755B /* HtmlToPdf in Frameworks */,
				B7B46608237046D800AA9419 /* PDFKit.framework in Frameworks */,
				50113FF8272AF57600EEB9A1 /* libid3-3.8.3.0.0.dylib in Frameworks */,
				B79853322217073500BDE678 /* libbass_fx.dylib in Frameworks */,
			);
			runOnlyForDeploymentPostprocessing = 0;
		};
/* End PBXFrameworksBuildPhase section */

/* Begin PBXGroup section */
		50A37B9E207FF03D0020E218 = {
			isa = PBXGroup;
			children = (
				50A37BA9207FF03D0020E218 /* ClogAmpSwift */,
				50A37BA8207FF03D0020E218 /* Products */,
				B7B46606237046D800AA9419 /* Frameworks */,
			);
			sourceTree = "<group>";
		};
		50A37BA8207FF03D0020E218 /* Products */ = {
			isa = PBXGroup;
			children = (
				50A37BA7207FF03D0020E218 /* ClogAmpMac.app */,
			);
			name = Products;
			sourceTree = "<group>";
		};
		50A37BA9207FF03D0020E218 /* ClogAmpSwift */ = {
			isa = PBXGroup;
			children = (
				B713648B2B15F295009B800F /* Extensions */,
				B7BD8ED321F73E4E00532C1A /* ObjCWrapper */,
				B70E24BC21F5E5CC00387D0A /* CustomClasses */,
				50DC6D8D2081F03E00B7C347 /* Delegates */,
				50DC6D8A2081DA4B00B7C347 /* Objects */,
				50DC6D892081DA3100B7C347 /* Controller */,
				50DC6D8B2081DA6400B7C347 /* Utils */,
				50A37BB0207FF03E0020E218 /* Main.storyboard */,
				B70F180E221D781800FE1149 /* Assets.xcassets */,
				B79853302217073500BDE678 /* libbass_fx.dylib */,
				B79853312217073500BDE678 /* libbass.dylib */,
				50113FF7272AF57600EEB9A1 /* libid3-3.8.3.0.0.dylib */,
				50A37BB3207FF03E0020E218 /* Info.plist */,
				B7D7C4362B1A1E11007DCA96 /* PrimeAV.mp3 */,
				B7F48C9C238FE9EF00C3DB01 /* Click.mp3 */,
				50A37BB4207FF03E0020E218 /* ClogAmpSwift.entitlements */,
				50A571BE2CF10EA600DB755B /* UpdateHistory.html */,
				B7B3A17E237C09BC009667CF /* Localizable.strings */,
			);
			path = ClogAmpSwift;
			sourceTree = "<group>";
		};
		50DC6D892081DA3100B7C347 /* Controller */ = {
			isa = PBXGroup;
			children = (
				B7F48C9F2390E37F00C3DB01 /* BeatPlayerViewController.swift */,
				B7D7C4342B17382D007DCA96 /* BpmClickViewController.swift */,
				B7A3A9BF221AFCBD00CA5FE8 /* CountdownViewController.swift */,
				B7A3A9C1221BE44400CA5FE8 /* CountdownWindowController.swift */,
				B76C88CD2C57CB7200D68A87 /* EQViewController.swift */,
				B7D9C06722145A3200A70F4A /* HistoryTableViewController.swift */,
				B7BB5514237EC46300E153DF /* HistoryWindowController.swift */,
				50A37BAC207FF03D0020E218 /* MainViewController.swift */,
				B75955872216DD5800D11E3F /* MainWindowController.swift */,
				B7B46604237042EB00AA9419 /* PDFViewController.swift */,
				50DC6D872081D68100B7C347 /* PlayerViewController.swift */,
				B7B3A176237ACFC7009667CF /* PlaylistViewController.swift */,
				B72299222202D0EA00AEFA90 /* PositionTableViewController.swift */,
				502D65542CF9CC86007C4E81 /* SettingsAboutViewController.swift */,
				50FDB7E02CF79693001A3054 /* SettingsGeneralViewController.swift */,
				50FDB7E62CF87413001A3054 /* SettingsIconViewController.swift */,
				50FDB7E42CF7BCD1001A3054 /* SettingsPositionsViewController.swift */,
				B720A3022CF74AD5000C73D2 /* SettingsTabViewController.swift */,
				B72299202202C9FD00AEFA90 /* SongTableViewController.swift */,
				5017716821FF58C700D8A95A /* TimePanelViewController.swift */,
				B75955852216D1A300D11E3F /* TimePanelWindowController.swift */,
			);
			path = Controller;
			sourceTree = "<group>";
		};
		50DC6D8A2081DA4B00B7C347 /* Objects */ = {
			isa = PBXGroup;
			children = (
				B7BD8F1A21F9A87E00532C1A /* Position.swift */,
				504E5FA32080F4E0003DBA66 /* Song.swift */,
				B7A3A9C3221C494600CA5FE8 /* PositionXmlParser.swift */,
				B7B3A178237BDC70009667CF /* SwiftPlaylist.swift */,
				B70A70EE2B06547E00059599 /* PlayerAudioEngine.swift */,
			);
			path = Objects;
			sourceTree = "<group>";
		};
		50DC6D8B2081DA6400B7C347 /* Utils */ = {
			isa = PBXGroup;
			children = (
				50043ED42080C76C0025DC2D /* FileSystemUtils.swift */,
				B7DDFCB022141B3600637831 /* Tools.swift */,
				B7B4660B23754EE600AA9419 /* StringScore.swift */,
				B7D141512382B1F30056B042 /* PasteboardWriter.swift */,
				50113FFA27324F0A00EEB9A1 /* SongLog.swift */,
				50AF23992A5F2FAA0019A846 /* PlayerLog.swift */,
				B7B765362B0F3D6E0019BF7C /* Settings.swift */,
				B73E0DF52C5A1D210064D4A3 /* DecibelTransformer.swift */,
				B73E0DF92C5CD3B40064D4A3 /* HertzTransformer.swift */,
			);
			path = Utils;
			sourceTree = "<group>";
		};
		50DC6D8D2081F03E00B7C347 /* Delegates */ = {
			isa = PBXGroup;
			children = (
				50A571BC2CEFA33E00DB755B /* NotificationDelegate.swift */,
				50A37BAA207FF03D0020E218 /* AppDelegate.swift */,
				50A09BAD22104BA800365544 /* TableViewDelegate.swift */,
			);
			path = Delegates;
			sourceTree = "<group>";
		};
		B70E24BC21F5E5CC00387D0A /* CustomClasses */ = {
			isa = PBXGroup;
			children = (
				502D65522CF9C690007C4E81 /* HyperlinkTextField.swift */,
				50A09BAB22104B0A00365544 /* TableView.swift */,
				B7B3A188237EBCC0009667CF /* Window.swift */,
				B7B3A18A237EC209009667CF /* Panel.swift */,
				B7D1414F2382B0FF0056B042 /* PasteboardType.swift */,
				B722991E2200223B00AEFA90 /* ViewController.swift */,
			);
			path = CustomClasses;
			sourceTree = "<group>";
		};
		B713648B2B15F295009B800F /* Extensions */ = {
			isa = PBXGroup;
			children = (
				B713648C2B15F2CE009B800F /* String.swift */,
				B73E0DF72C5B67FD0064D4A3 /* NSImage.swift */,
				50FDB7E22CF79C0F001A3054 /* UserDefaults.swift */,
			);
			path = Extensions;
			sourceTree = "<group>";
		};
		B7B46606237046D800AA9419 /* Frameworks */ = {
			isa = PBXGroup;
			children = (
				B71364902B164A23009B800F /* CoreAudio.framework */,
				B713648E2B1648EF009B800F /* CoreAudioTypes.framework */,
				B7B46607237046D800AA9419 /* PDFKit.framework */,
			);
			name = Frameworks;
			sourceTree = "<group>";
		};
		B7BD8ED321F73E4E00532C1A /* ObjCWrapper */ = {
			isa = PBXGroup;
			children = (
				B7BD8F0521F7597800532C1A /* id3 */,
				B7BD8F1321F7597900532C1A /* id3.h */,
				B79853352217074500BDE678 /* bass_fx.h */,
				B79853342217074400BDE678 /* bass.h */,
				B78780F32216A131002B74B4 /* BassWrapper.m */,
				B78780F52216A13C002B74B4 /* BassWrapper.h */,
				B7BD8ED421F74B6900532C1A /* ClogAmpSwift-Bridging-Header.h */,
				B7DDFCB222141F5F00637831 /* Database.m */,
				B7DDFCB422141F6B00637831 /* Database.h */,
				B7BD8F1721F760FB00532C1A /* Id3Wrapper.mm */,
				B7BD8F1921F7611000532C1A /* Id3Wrapper.h */,
				B7B3A183237E726A009667CF /* Playlist.h */,
				B7B3A184237E726A009667CF /* Playlist.mm */,
				B7BB5517237FDBF800E153DF /* PlaylistSongItem.h */,
				B7BB5516237FDBF800E153DF /* PlaylistSongItem.m */,
				B7D9C0622214513B00A70F4A /* SongHistoryItem.h */,
				B7D9C0632214513B00A70F4A /* SongHistoryItem.m */,
				B74E7FE423794E5500569664 /* ObjC.h */,
				B74E7FE523794E8C00569664 /* ObjC.m */,
			);
			path = ObjCWrapper;
			sourceTree = "<group>";
		};
		B7BD8F0521F7597800532C1A /* id3 */ = {
			isa = PBXGroup;
			children = (
				B7BD8F0621F7597800532C1A /* id3lib_frame.h */,
				B7BD8F0721F7597800532C1A /* utils.h */,
				B7BD8F0821F7597800532C1A /* reader.h */,
				B7BD8F0921F7597800532C1A /* sized_types.h */,
				B7BD8F0A21F7597800532C1A /* tag.h */,
				B7BD8F0B21F7597800532C1A /* field.h */,
				B7BD8F0C21F7597800532C1A /* id3lib_strings.h */,
				B7BD8F0D21F7597800532C1A /* globals.h */,
				B7BD8F0E21F7597800532C1A /* writer.h */,
				B7BD8F0F21F7597800532C1A /* readers.h */,
				B7BD8F1021F7597800532C1A /* misc_support.h */,
				B7BD8F1121F7597800532C1A /* id3lib_streams.h */,
				B7BD8F1221F7597800532C1A /* writers.h */,
			);
			path = id3;
			sourceTree = "<group>";
		};
/* End PBXGroup section */

/* Begin PBXNativeTarget section */
		50A37BA6207FF03D0020E218 /* ClogAmpSwift */ = {
			isa = PBXNativeTarget;
			buildConfigurationList = 50A37BB7207FF03E0020E218 /* Build configuration list for PBXNativeTarget "ClogAmpSwift" */;
			buildPhases = (
				50A37BA3207FF03D0020E218 /* Sources */,
				50A37BA4207FF03D0020E218 /* Frameworks */,
				50A37BA5207FF03D0020E218 /* Resources */,
				B7BD8EEC21F754D600532C1A /* Embed Libraries */,
				B74E7FEA23795C5B00569664 /* CopyFiles */,
			);
			buildRules = (
			);
			dependencies = (
			);
			name = ClogAmpSwift;
			productName = ClogAmpSwift;
			productReference = 50A37BA7207FF03D0020E218 /* ClogAmpMac.app */;
			productType = "com.apple.product-type.application";
		};
/* End PBXNativeTarget section */

/* Begin PBXProject section */
		50A37B9F207FF03D0020E218 /* Project object */ = {
			isa = PBXProject;
			attributes = {
				BuildIndependentTargetsInParallel = YES;
				LastSwiftUpdateCheck = 0930;
				LastUpgradeCheck = 1500;
				ORGANIZATIONNAME = "Pascal Roessel";
				TargetAttributes = {
					50A37BA6207FF03D0020E218 = {
						CreatedOnToolsVersion = 9.3;
						LastSwiftMigration = 1110;
						SystemCapabilities = {
							com.apple.Sandbox = {
								enabled = 0;
							};
						};
					};
				};
			};
			buildConfigurationList = 50A37BA2207FF03D0020E218 /* Build configuration list for PBXProject "ClogAmpSwift" */;
			compatibilityVersion = "Xcode 9.3";
			developmentRegion = en;
			hasScannedForEncodings = 0;
			knownRegions = (
				en,
				Base,
				de,
			);
			mainGroup = 50A37B9E207FF03D0020E218;
			packageReferences = (
				50A571B82CEF85A600DB755B /* XCRemoteSwiftPackageReference "swift-html-to-pdf" */,
				50556BF82CFE3DD300F4C716 /* XCRemoteSwiftPackageReference "Sparkle" */,
			);
			productRefGroup = 50A37BA8207FF03D0020E218 /* Products */;
			projectDirPath = "";
			projectRoot = "";
			targets = (
				50A37BA6207FF03D0020E218 /* ClogAmpSwift */,
			);
		};
/* End PBXProject section */

/* Begin PBXResourcesBuildPhase section */
		50A37BA5207FF03D0020E218 /* Resources */ = {
			isa = PBXResourcesBuildPhase;
			buildActionMask = 2147483647;
			files = (
				B7D7C4372B1A1E11007DCA96 /* PrimeAV.mp3 in Resources */,
				B70F180F221D781800FE1149 /* Assets.xcassets in Resources */,
				50A571BF2CF10EA600DB755B /* UpdateHistory.html in Resources */,
				B7F48C9D238FE9F000C3DB01 /* Click.mp3 in Resources */,
				B7B3A17C237C09BC009667CF /* Localizable.strings in Resources */,
				50A37BB2207FF03E0020E218 /* Main.storyboard in Resources */,
			);
			runOnlyForDeploymentPostprocessing = 0;
		};
/* End PBXResourcesBuildPhase section */

/* Begin PBXSourcesBuildPhase section */
		50A37BA3207FF03D0020E218 /* Sources */ = {
			isa = PBXSourcesBuildPhase;
			buildActionMask = 2147483647;
			files = (
				B76C88CE2C57CB7200D68A87 /* EQViewController.swift in Sources */,
				50A09BAE22104BA800365544 /* TableViewDelegate.swift in Sources */,
				B7B3A18B237EC209009667CF /* Panel.swift in Sources */,
				B7A3A9C0221AFCBD00CA5FE8 /* CountdownViewController.swift in Sources */,
				50FDB7E52CF7BCD1001A3054 /* SettingsPositionsViewController.swift in Sources */,
				50A09BAC22104B0A00365544 /* TableView.swift in Sources */,
				50FDB7E32CF79C0F001A3054 /* UserDefaults.swift in Sources */,
				50AF239A2A5F2FAA0019A846 /* PlayerLog.swift in Sources */,
				B7D9C0642214513B00A70F4A /* SongHistoryItem.m in Sources */,
				50FDB7E12CF79693001A3054 /* SettingsGeneralViewController.swift in Sources */,
				B7D7C4352B17382D007DCA96 /* BpmClickViewController.swift in Sources */,
				50113FFB27324F0A00EEB9A1 /* SongLog.swift in Sources */,
				B75955862216D1A300D11E3F /* TimePanelWindowController.swift in Sources */,
				B7B3A179237BDC70009667CF /* SwiftPlaylist.swift in Sources */,
				502D65532CF9C690007C4E81 /* HyperlinkTextField.swift in Sources */,
				B74E7FE623794E8C00569664 /* ObjC.m in Sources */,
				B7D141522382B1F30056B042 /* PasteboardWriter.swift in Sources */,
				B7D9C06822145A3200A70F4A /* HistoryTableViewController.swift in Sources */,
				B7A3A9C4221C494600CA5FE8 /* PositionXmlParser.swift in Sources */,
				B7B46605237042EB00AA9419 /* PDFViewController.swift in Sources */,
				B7B3A185237E726A009667CF /* Playlist.mm in Sources */,
				504E5FA42080F4E0003DBA66 /* Song.swift in Sources */,
				5017716921FF58C700D8A95A /* TimePanelViewController.swift in Sources */,
				B7B3A189237EBCC0009667CF /* Window.swift in Sources */,
				50043ED52080C76C0025DC2D /* FileSystemUtils.swift in Sources */,
				B7DDFCB122141B3600637831 /* Tools.swift in Sources */,
				50A571BD2CEFA33E00DB755B /* NotificationDelegate.swift in Sources */,
				50FDB7E72CF87413001A3054 /* SettingsIconViewController.swift in Sources */,
				B70A70EF2B06547E00059599 /* PlayerAudioEngine.swift in Sources */,
				50DC6D882081D68100B7C347 /* PlayerViewController.swift in Sources */,
				B72299232202D0EA00AEFA90 /* PositionTableViewController.swift in Sources */,
				B722991F2200223B00AEFA90 /* ViewController.swift in Sources */,
				B73E0DF82C5B67FD0064D4A3 /* NSImage.swift in Sources */,
				B7B765372B0F3D6E0019BF7C /* Settings.swift in Sources */,
				B75955882216DD5800D11E3F /* MainWindowController.swift in Sources */,
				502D65552CF9CC86007C4E81 /* SettingsAboutViewController.swift in Sources */,
				B7A3A9C2221BE44400CA5FE8 /* CountdownWindowController.swift in Sources */,
				50A37BAD207FF03D0020E218 /* MainViewController.swift in Sources */,
				B72299212202C9FD00AEFA90 /* SongTableViewController.swift in Sources */,
				50A37BAB207FF03D0020E218 /* AppDelegate.swift in Sources */,
				B7BB5515237EC46300E153DF /* HistoryWindowController.swift in Sources */,
				B73E0DFA2C5CD3B40064D4A3 /* HertzTransformer.swift in Sources */,
				B713648D2B15F2CE009B800F /* String.swift in Sources */,
				B7D141502382B0FF0056B042 /* PasteboardType.swift in Sources */,
				B7B3A177237ACFC7009667CF /* PlaylistViewController.swift in Sources */,
				B720A3032CF74ADB000C73D2 /* SettingsTabViewController.swift in Sources */,
				B7B4660C23754EE600AA9419 /* StringScore.swift in Sources */,
				B7BD8F1B21F9A87E00532C1A /* Position.swift in Sources */,
				B73E0DF62C5A1D210064D4A3 /* DecibelTransformer.swift in Sources */,
				B7DDFCB322141F5F00637831 /* Database.m in Sources */,
				B7BB5518237FDBF800E153DF /* PlaylistSongItem.m in Sources */,
				B7F48CA02390E37F00C3DB01 /* BeatPlayerViewController.swift in Sources */,
				B78780F42216A131002B74B4 /* BassWrapper.m in Sources */,
				B7BD8F1821F760FB00532C1A /* Id3Wrapper.mm in Sources */,
			);
			runOnlyForDeploymentPostprocessing = 0;
		};
/* End PBXSourcesBuildPhase section */

/* Begin PBXVariantGroup section */
		50A37BB0207FF03E0020E218 /* Main.storyboard */ = {
			isa = PBXVariantGroup;
			children = (
				50A37BB1207FF03E0020E218 /* Base */,
				B7C8358522280FC200CF3360 /* de */,
			);
			name = Main.storyboard;
			sourceTree = "<group>";
		};
		B7B3A17E237C09BC009667CF /* Localizable.strings */ = {
			isa = PBXVariantGroup;
			children = (
				B7B3A17D237C09BC009667CF /* en */,
				B7B3A17F237C09CC009667CF /* de */,
			);
			name = Localizable.strings;
			sourceTree = "<group>";
		};
/* End PBXVariantGroup section */

/* Begin XCBuildConfiguration section */
		50A37BB5207FF03E0020E218 /* Debug */ = {
			isa = XCBuildConfiguration;
			buildSettings = {
				ALWAYS_SEARCH_USER_PATHS = NO;
				ASSETCATALOG_COMPILER_GENERATE_SWIFT_ASSET_SYMBOL_EXTENSIONS = YES;
				CLANG_ANALYZER_LOCALIZABILITY_NONLOCALIZED = YES;
				CLANG_ANALYZER_NONNULL = YES;
				CLANG_ANALYZER_NUMBER_OBJECT_CONVERSION = YES_AGGRESSIVE;
				CLANG_CXX_LANGUAGE_STANDARD = "gnu++14";
				CLANG_CXX_LIBRARY = "libc++";
				CLANG_ENABLE_MODULES = YES;
				CLANG_ENABLE_OBJC_ARC = YES;
				CLANG_ENABLE_OBJC_WEAK = YES;
				CLANG_WARN_BLOCK_CAPTURE_AUTORELEASING = YES;
				CLANG_WARN_BOOL_CONVERSION = YES;
				CLANG_WARN_COMMA = YES;
				CLANG_WARN_CONSTANT_CONVERSION = YES;
				CLANG_WARN_DEPRECATED_OBJC_IMPLEMENTATIONS = YES;
				CLANG_WARN_DIRECT_OBJC_ISA_USAGE = YES_ERROR;
				CLANG_WARN_DOCUMENTATION_COMMENTS = YES;
				CLANG_WARN_EMPTY_BODY = YES;
				CLANG_WARN_ENUM_CONVERSION = YES;
				CLANG_WARN_INFINITE_RECURSION = YES;
				CLANG_WARN_INT_CONVERSION = YES;
				CLANG_WARN_NON_LITERAL_NULL_CONVERSION = YES;
				CLANG_WARN_OBJC_IMPLICIT_RETAIN_SELF = YES;
				CLANG_WARN_OBJC_LITERAL_CONVERSION = YES;
				CLANG_WARN_OBJC_ROOT_CLASS = YES_ERROR;
				CLANG_WARN_QUOTED_INCLUDE_IN_FRAMEWORK_HEADER = YES;
				CLANG_WARN_RANGE_LOOP_ANALYSIS = YES;
				CLANG_WARN_STRICT_PROTOTYPES = YES;
				CLANG_WARN_SUSPICIOUS_MOVE = YES;
				CLANG_WARN_UNGUARDED_AVAILABILITY = YES_AGGRESSIVE;
				CLANG_WARN_UNREACHABLE_CODE = YES;
				CLANG_WARN__DUPLICATE_METHOD_MATCH = YES;
				CODE_SIGN_IDENTITY = "Mac Developer";
				COPY_PHASE_STRIP = NO;
				DEAD_CODE_STRIPPING = YES;
				DEBUG_INFORMATION_FORMAT = dwarf;
				ENABLE_STRICT_OBJC_MSGSEND = YES;
				ENABLE_TESTABILITY = YES;
				ENABLE_USER_SCRIPT_SANDBOXING = YES;
				GCC_C_LANGUAGE_STANDARD = gnu11;
				GCC_DYNAMIC_NO_PIC = NO;
				GCC_NO_COMMON_BLOCKS = YES;
				GCC_OPTIMIZATION_LEVEL = 0;
				GCC_PREPROCESSOR_DEFINITIONS = (
					"DEBUG=1",
					"$(inherited)",
				);
				GCC_WARN_64_TO_32_BIT_CONVERSION = YES;
				GCC_WARN_ABOUT_RETURN_TYPE = YES_ERROR;
				GCC_WARN_UNDECLARED_SELECTOR = YES;
				GCC_WARN_UNINITIALIZED_AUTOS = YES_AGGRESSIVE;
				GCC_WARN_UNUSED_FUNCTION = YES;
				GCC_WARN_UNUSED_VARIABLE = YES;
				MACOSX_DEPLOYMENT_TARGET = 12.0;
				MTL_ENABLE_DEBUG_INFO = YES;
				ONLY_ACTIVE_ARCH = YES;
				SDKROOT = macosx;
				SWIFT_ACTIVE_COMPILATION_CONDITIONS = DEBUG;
				SWIFT_OPTIMIZATION_LEVEL = "-Onone";
			};
			name = Debug;
		};
		50A37BB6207FF03E0020E218 /* Release */ = {
			isa = XCBuildConfiguration;
			buildSettings = {
				ALWAYS_SEARCH_USER_PATHS = NO;
				ASSETCATALOG_COMPILER_GENERATE_SWIFT_ASSET_SYMBOL_EXTENSIONS = YES;
				CLANG_ANALYZER_LOCALIZABILITY_NONLOCALIZED = YES;
				CLANG_ANALYZER_NONNULL = YES;
				CLANG_ANALYZER_NUMBER_OBJECT_CONVERSION = YES_AGGRESSIVE;
				CLANG_CXX_LANGUAGE_STANDARD = "gnu++14";
				CLANG_CXX_LIBRARY = "libc++";
				CLANG_ENABLE_MODULES = YES;
				CLANG_ENABLE_OBJC_ARC = YES;
				CLANG_ENABLE_OBJC_WEAK = YES;
				CLANG_WARN_BLOCK_CAPTURE_AUTORELEASING = YES;
				CLANG_WARN_BOOL_CONVERSION = YES;
				CLANG_WARN_COMMA = YES;
				CLANG_WARN_CONSTANT_CONVERSION = YES;
				CLANG_WARN_DEPRECATED_OBJC_IMPLEMENTATIONS = YES;
				CLANG_WARN_DIRECT_OBJC_ISA_USAGE = YES_ERROR;
				CLANG_WARN_DOCUMENTATION_COMMENTS = YES;
				CLANG_WARN_EMPTY_BODY = YES;
				CLANG_WARN_ENUM_CONVERSION = YES;
				CLANG_WARN_INFINITE_RECURSION = YES;
				CLANG_WARN_INT_CONVERSION = YES;
				CLANG_WARN_NON_LITERAL_NULL_CONVERSION = YES;
				CLANG_WARN_OBJC_IMPLICIT_RETAIN_SELF = YES;
				CLANG_WARN_OBJC_LITERAL_CONVERSION = YES;
				CLANG_WARN_OBJC_ROOT_CLASS = YES_ERROR;
				CLANG_WARN_QUOTED_INCLUDE_IN_FRAMEWORK_HEADER = YES;
				CLANG_WARN_RANGE_LOOP_ANALYSIS = YES;
				CLANG_WARN_STRICT_PROTOTYPES = YES;
				CLANG_WARN_SUSPICIOUS_MOVE = YES;
				CLANG_WARN_UNGUARDED_AVAILABILITY = YES_AGGRESSIVE;
				CLANG_WARN_UNREACHABLE_CODE = YES;
				CLANG_WARN__DUPLICATE_METHOD_MATCH = YES;
				CODE_SIGN_IDENTITY = "Mac Developer";
				COPY_PHASE_STRIP = NO;
				DEAD_CODE_STRIPPING = YES;
				DEBUG_INFORMATION_FORMAT = "dwarf-with-dsym";
				ENABLE_NS_ASSERTIONS = NO;
				ENABLE_STRICT_OBJC_MSGSEND = YES;
				ENABLE_USER_SCRIPT_SANDBOXING = YES;
				GCC_C_LANGUAGE_STANDARD = gnu11;
				GCC_NO_COMMON_BLOCKS = YES;
				GCC_WARN_64_TO_32_BIT_CONVERSION = YES;
				GCC_WARN_ABOUT_RETURN_TYPE = YES_ERROR;
				GCC_WARN_UNDECLARED_SELECTOR = YES;
				GCC_WARN_UNINITIALIZED_AUTOS = YES_AGGRESSIVE;
				GCC_WARN_UNUSED_FUNCTION = YES;
				GCC_WARN_UNUSED_VARIABLE = YES;
				MACOSX_DEPLOYMENT_TARGET = 12.0;
				MTL_ENABLE_DEBUG_INFO = NO;
				SDKROOT = macosx;
				SWIFT_COMPILATION_MODE = wholemodule;
				SWIFT_OPTIMIZATION_LEVEL = "-O";
			};
			name = Release;
		};
		50A37BB8207FF03E0020E218 /* Debug */ = {
			isa = XCBuildConfiguration;
			buildSettings = {
				ARCHS = (
					arm64,
					x86_64,
				);
				ASSETCATALOG_COMPILER_APPICON_NAME = AppIcon;
				ASSETCATALOG_COMPILER_INCLUDE_ALL_APPICON_ASSETS = YES;
				CLANG_ENABLE_MODULES = YES;
				CODE_SIGN_IDENTITY = "-";
				"CODE_SIGN_IDENTITY[sdk=macosx*]" = "-";
				CODE_SIGN_STYLE = Automatic;
				COMBINE_HIDPI_IMAGES = YES;
				CURRENT_PROJECT_VERSION = 1.6.9;
				DEAD_CODE_STRIPPING = YES;
				DEVELOPMENT_TEAM = 86S7CBP97U;
				ENABLE_ONLY_ACTIVE_RESOURCES = YES;
				FRAMEWORK_SEARCH_PATHS = (
					"$(inherited)",
					"$(PROJECT_DIR)/ClogAmpSwift",
				);
				GCC_INPUT_FILETYPE = automatic;
				HEADER_SEARCH_PATHS = (
					"$(inherited)",
					"$(PROJECT_DIR)/ClogAmpSwift/ObjCWrapper/**",
				);
				INFOPLIST_FILE = ClogAmpSwift/Info.plist;
				INFOPLIST_KEY_CFBundleDisplayName = ClogAmpMac;
				INFOPLIST_KEY_LSApplicationCategoryType = "public.app-category.sports";
				LD_RUNPATH_SEARCH_PATHS = (
					"$(inherited)",
					"@executable_path/../Frameworks",
				);
				LIBRARY_SEARCH_PATHS = (
					"$(inherited)",
					"$(PROJECT_DIR)/ClogAmpSwift",
				);
				MACH_O_TYPE = mh_execute;
				MACOSX_DEPLOYMENT_TARGET = 12.0;
				MARKETING_VERSION = "1.6.9 beta";
				ONLY_ACTIVE_ARCH = YES;
				OTHER_LDFLAGS = "-fprofile-instr-generate";
				PRODUCT_BUNDLE_IDENTIFIER = de.pascalroessel.ClogAmpSwift;
				PRODUCT_NAME = ClogAmpMac;
				PROVISIONING_PROFILE_SPECIFIER = "";
				SWIFT_OBJC_BRIDGING_HEADER = "ClogAmpSwift/ObjCWrapper/ClogAmpSwift-Bridging-Header.h";
				SWIFT_OPTIMIZATION_LEVEL = "-Onone";
				SWIFT_VERSION = 5.0;
				USER_HEADER_SEARCH_PATHS = (
					"$(inherited)",
					"$(PROJECT_DIR)/ClogAmpSwift/ObjCWrapper/**",
				);
			};
			name = Debug;
		};
		50A37BB9207FF03E0020E218 /* Release */ = {
			isa = XCBuildConfiguration;
			buildSettings = {
				ARCHS = (
					arm64,
					x86_64,
				);
				ASSETCATALOG_COMPILER_APPICON_NAME = AppIcon;
				ASSETCATALOG_COMPILER_INCLUDE_ALL_APPICON_ASSETS = YES;
				CLANG_ENABLE_MODULES = YES;
				CODE_SIGN_IDENTITY = "-";
				"CODE_SIGN_IDENTITY[sdk=macosx*]" = "-";
				CODE_SIGN_STYLE = Automatic;
				COMBINE_HIDPI_IMAGES = YES;
				CURRENT_PROJECT_VERSION = 1.6.9;
				DEAD_CODE_STRIPPING = YES;
				DEVELOPMENT_TEAM = 86S7CBP97U;
				ENABLE_ONLY_ACTIVE_RESOURCES = YES;
				FRAMEWORK_SEARCH_PATHS = (
					"$(inherited)",
					"$(PROJECT_DIR)/ClogAmpSwift",
				);
				GCC_INPUT_FILETYPE = automatic;
				HEADER_SEARCH_PATHS = (
					"$(inherited)",
					"$(PROJECT_DIR)/ClogAmpSwift/ObjCWrapper/**",
				);
				INFOPLIST_FILE = ClogAmpSwift/Info.plist;
				INFOPLIST_KEY_CFBundleDisplayName = ClogAmpMac;
				INFOPLIST_KEY_LSApplicationCategoryType = "public.app-category.sports";
				LD_RUNPATH_SEARCH_PATHS = (
					"$(inherited)",
					"@executable_path/../Frameworks",
				);
				LIBRARY_SEARCH_PATHS = (
					"$(inherited)",
					"$(PROJECT_DIR)/ClogAmpSwift",
				);
				MACH_O_TYPE = mh_execute;
				MACOSX_DEPLOYMENT_TARGET = 12.0;
				MARKETING_VERSION = "1.6.9 beta";
				ONLY_ACTIVE_ARCH = NO;
				OTHER_LDFLAGS = "-fprofile-instr-generate";
				PRODUCT_BUNDLE_IDENTIFIER = de.pascalroessel.ClogAmpSwift;
				PRODUCT_NAME = ClogAmpMac;
				PROVISIONING_PROFILE_SPECIFIER = "";
				SWIFT_OBJC_BRIDGING_HEADER = "ClogAmpSwift/ObjCWrapper/ClogAmpSwift-Bridging-Header.h";
				SWIFT_VERSION = 5.0;
				USER_HEADER_SEARCH_PATHS = (
					"$(inherited)",
					"$(PROJECT_DIR)/ClogAmpSwift/ObjCWrapper/**",
				);
			};
			name = Release;
		};
/* End XCBuildConfiguration section */

/* Begin XCConfigurationList section */
		50A37BA2207FF03D0020E218 /* Build configuration list for PBXProject "ClogAmpSwift" */ = {
			isa = XCConfigurationList;
			buildConfigurations = (
				50A37BB5207FF03E0020E218 /* Debug */,
				50A37BB6207FF03E0020E218 /* Release */,
			);
			defaultConfigurationIsVisible = 0;
			defaultConfigurationName = Release;
		};
		50A37BB7207FF03E0020E218 /* Build configuration list for PBXNativeTarget "ClogAmpSwift" */ = {
			isa = XCConfigurationList;
			buildConfigurations = (
				50A37BB8207FF03E0020E218 /* Debug */,
				50A37BB9207FF03E0020E218 /* Release */,
			);
			defaultConfigurationIsVisible = 0;
			defaultConfigurationName = Release;
		};
/* End XCConfigurationList section */

/* Begin XCRemoteSwiftPackageReference section */
		50556BF82CFE3DD300F4C716 /* XCRemoteSwiftPackageReference "Sparkle" */ = {
			isa = XCRemoteSwiftPackageReference;
			repositoryURL = "https://github.com/sparkle-project/Sparkle";
			requirement = {
				kind = upToNextMajorVersion;
				minimumVersion = 2.6.4;
			};
		};
		50A571B82CEF85A600DB755B /* XCRemoteSwiftPackageReference "swift-html-to-pdf" */ = {
			isa = XCRemoteSwiftPackageReference;
			repositoryURL = "https://github.com/coenttb/swift-html-to-pdf.git";
			requirement = {
				kind = upToNextMajorVersion;
				minimumVersion = 0.3.0;
			};
		};
/* End XCRemoteSwiftPackageReference section */

/* Begin XCSwiftPackageProductDependency section */
		50556BF92CFE3DD300F4C716 /* Sparkle */ = {
			isa = XCSwiftPackageProductDependency;
			package = 50556BF82CFE3DD300F4C716 /* XCRemoteSwiftPackageReference "Sparkle" */;
			productName = Sparkle;
		};
		50A571B92CEF85A600DB755B /* HtmlToPdf */ = {
			isa = XCSwiftPackageProductDependency;
			package = 50A571B82CEF85A600DB755B /* XCRemoteSwiftPackageReference "swift-html-to-pdf" */;
			productName = HtmlToPdf;
		};
/* End XCSwiftPackageProductDependency section */
	};
	rootObject = 50A37B9F207FF03D0020E218 /* Project object */;
}
