{
  "originHash" : "4fccb80c4fcb239ed5962287d85180ed485b7856e35ab80be96bbd1dcce0cf8a",
  "pins" : [
    {
      "identity" : "sparkle",
      "kind" : "remoteSourceControl",
      "location" : "https://github.com/sparkle-project/Sparkle",
      "state" : {
        "revision" : "0ef1ee0220239b3776f433314515fd849025673f",
        "version" : "2.6.4"
      }
    },
    {
      "identity" : "swift-html-to-pdf",
      "kind" : "remoteSourceControl",
      "location" : "https://github.com/coenttb/swift-html-to-pdf.git",
      "state" : {
        "revision" : "d4bcfc68f4874b6a561a9199b412187b87e7289d",
        "version" : "0.3.0"
      }
    }
  ],
  "version" : 3
}
